<?xml version="1.0" encoding="utf-8"?>
<Project ToolsVersion="4.0" xmlns="http://schemas.microsoft.com/developer/msbuild/2003">
  <ItemGroup>
    <Filter Include="Other Files">
      <UniqueIdentifier>{d8827879-bf17-4873-bd78-aa4485e499b7}</UniqueIdentifier>
    </Filter>
    <Filter Include="Resource Files">
      <UniqueIdentifier>{fe4ec4ec-aa2d-459c-a39d-bddbf929752a}</UniqueIdentifier>
      <Extensions>ico;cur;bmp;dlg;rc2;rct;bin;rgs;gif;jpg;jpeg;jpe</Extensions>
    </Filter>
    <Filter Include="Cpp Source Files">
      <UniqueIdentifier>{a8100ec7-8444-4a2e-8f67-44ddaecceded}</UniqueIdentifier>
    </Filter>
    <Filter Include="Cpp Source Files\apiwrap">
      <UniqueIdentifier>{204e3615-affc-4e23-8d1f-88cb03bfb5fa}</UniqueIdentifier>
    </Filter>
    <Filter Include="Cpp Source Files\charset">
      <UniqueIdentifier>{d27edaab-9459-482d-8be8-8dbfada3634d}</UniqueIdentifier>
    </Filter>
    <Filter Include="Cpp Source Files\config">
      <UniqueIdentifier>{8eddc88e-2b1d-4b97-ab43-e07e3fd0117b}</UniqueIdentifier>
    </Filter>
    <Filter Include="Cpp Source Files\convert">
      <UniqueIdentifier>{0465b6e3-6179-4a3f-b478-b4d6cf13f7e0}</UniqueIdentifier>
    </Filter>
    <Filter Include="Cpp Source Files\io">
      <UniqueIdentifier>{7e529f0a-3781-47cb-9ffa-1e95b1495cc6}</UniqueIdentifier>
    </Filter>
    <Filter Include="Cpp Source Files\mem">
      <UniqueIdentifier>{7cd77121-a68b-4f24-bc7d-f0ccc8797d14}</UniqueIdentifier>
    </Filter>
    <Filter Include="Cpp Source Files\parse">
      <UniqueIdentifier>{0a0d0ac5-e3d3-4c6b-a217-854338d6d379}</UniqueIdentifier>
    </Filter>
    <Filter Include="Cpp Source Files\env">
      <UniqueIdentifier>{6425ea43-d198-48cc-9139-34556565b52d}</UniqueIdentifier>
    </Filter>
    <Filter Include="Cpp Source Files\util">
      <UniqueIdentifier>{465c5e3c-f0c1-4135-a32f-b554b9698f92}</UniqueIdentifier>
    </Filter>
    <Filter Include="Cpp Source Files\basis">
      <UniqueIdentifier>{03c0c134-ccd3-4f67-b070-7d8f808266bf}</UniqueIdentifier>
    </Filter>
    <Filter Include="Cpp Source Files\typeprop">
      <UniqueIdentifier>{c975756c-85c9-4731-8def-feddae37810f}</UniqueIdentifier>
    </Filter>
    <Filter Include="Cpp Source Files\types">
      <UniqueIdentifier>{ba81a537-1a13-4170-a032-245ca950d734}</UniqueIdentifier>
    </Filter>
    <Filter Include="Cpp Source Files\view">
      <UniqueIdentifier>{796d1ffa-b586-4976-b727-91abaaf30894}</UniqueIdentifier>
    </Filter>
    <Filter Include="Cpp Source Files\view\colors">
      <UniqueIdentifier>{dfd3cf04-ffcc-4e34-94bd-49f94ceb5ad2}</UniqueIdentifier>
    </Filter>
    <Filter Include="Cpp Source Files\view\figures">
      <UniqueIdentifier>{5f4d72d4-10cc-45e8-a5f8-ec405e859ec2}</UniqueIdentifier>
    </Filter>
    <Filter Include="Cpp Source Files\prop">
      <UniqueIdentifier>{edb67ba1-be19-415e-8dee-b101442385c6}</UniqueIdentifier>
    </Filter>
    <Filter Include="Cpp Source Files\recent">
      <UniqueIdentifier>{652a247b-7775-4833-bcc7-d1ef7e29e7d6}</UniqueIdentifier>
    </Filter>
    <Filter Include="Cpp Source Files\doc">
      <UniqueIdentifier>{23be402c-dc78-4aee-b3e1-ee805fdd1551}</UniqueIdentifier>
    </Filter>
    <Filter Include="Cpp Source Files\doc\layout">
      <UniqueIdentifier>{b6ded9b1-e17b-4071-b2b9-e294e2f0e7b8}</UniqueIdentifier>
    </Filter>
    <Filter Include="Cpp Source Files\doc\logic">
      <UniqueIdentifier>{06c582b4-7919-4b93-ae20-d4ce60bd3a3a}</UniqueIdentifier>
    </Filter>
    <Filter Include="Cpp Source Files\macro">
      <UniqueIdentifier>{f2a9ae85-3055-4c4b-8c1f-bb49cc74b982}</UniqueIdentifier>
    </Filter>
    <Filter Include="Cpp Source Files\dlg">
      <UniqueIdentifier>{963e7f86-8b7b-4354-913a-3724d8ed361e}</UniqueIdentifier>
    </Filter>
    <Filter Include="Cpp Source Files\window">
      <UniqueIdentifier>{2a2915da-8126-4cd5-9066-5d2b1136e6c8}</UniqueIdentifier>
    </Filter>
    <Filter Include="Cpp Source Files\docplus">
      <UniqueIdentifier>{eed68a8e-0d5a-4fb6-8f4c-57db07d239f0}</UniqueIdentifier>
    </Filter>
    <Filter Include="Cpp Source Files\debug">
      <UniqueIdentifier>{3cf88533-3def-445f-b156-aede8a050db1}</UniqueIdentifier>
    </Filter>
    <Filter Include="Cpp Source Files\_main">
      <UniqueIdentifier>{e196471d-d895-4a56-ac16-76fdff7b0704}</UniqueIdentifier>
    </Filter>
    <Filter Include="Cpp Source Files\_os">
      <UniqueIdentifier>{c31d7f2a-352b-4269-987b-acc80ee35942}</UniqueIdentifier>
    </Filter>
    <Filter Include="Cpp Source Files\outline">
      <UniqueIdentifier>{6a4cf781-3076-473e-9a1d-7519311912af}</UniqueIdentifier>
    </Filter>
    <Filter Include="Cpp Source Files\func">
      <UniqueIdentifier>{08cf9bc4-f18b-455a-9ff6-c3a3ae86a62c}</UniqueIdentifier>
    </Filter>
    <Filter Include="Cpp Source Files\plugin">
      <UniqueIdentifier>{c6ad216c-5a43-4948-a984-58697a558c96}</UniqueIdentifier>
    </Filter>
    <Filter Include="Cpp Source Files\mfclike">
      <UniqueIdentifier>{b2677813-4e7d-49ad-b166-0539c3929968}</UniqueIdentifier>
    </Filter>
    <Filter Include="Cpp Source Files\cmd">
      <UniqueIdentifier>{fa212da1-2b14-4f31-bbca-81f71841741c}</UniqueIdentifier>
    </Filter>
    <Filter Include="Cpp Source Files\extmodule">
      <UniqueIdentifier>{88b2ee54-2924-4e33-a73a-d83289fc6535}</UniqueIdentifier>
    </Filter>
    <Filter Include="Cpp Source Files\print">
      <UniqueIdentifier>{d2de0fbf-cb72-452d-8e32-e0a43ef44b31}</UniqueIdentifier>
    </Filter>
    <Filter Include="Cpp Source Files\uiparts">
      <UniqueIdentifier>{da0f000f-1aed-42ab-ba31-f7d1f5ec407f}</UniqueIdentifier>
    </Filter>
  </ItemGroup>
  <ItemGroup>
    <ClInclude Include="..\sakura_core\Funccode_define.h">
      <Filter>Other Files</Filter>
    </ClInclude>
    <ClInclude Include="..\sakura_core\Funccode_enum.h">
      <Filter>Other Files</Filter>
    </ClInclude>
    <ClInclude Include="..\sakura_core\sakura.hh">
      <Filter>Other Files</Filter>
    </ClInclude>
    <ClInclude Include="..\sakura_core\sakura_rc.h">
      <Filter>Other Files</Filter>
    </ClInclude>
    <ClInclude Include="..\sakura_core\StdAfx.h">
      <Filter>Other Files</Filter>
    </ClInclude>
    <ClInclude Include="..\sakura_core\svnrev.h">
      <Filter>Other Files</Filter>
    </ClInclude>
    <ClInclude Include="..\sakura_core\String_define.h">
      <Filter>Other Files</Filter>
    </ClInclude>
    <ClInclude Include="..\sakura_core\AutoReloadAgent.h">
      <Filter>Cpp Source Files</Filter>
    </ClInclude>
    <ClInclude Include="..\sakura_core\AutoSaveAgent.h">
      <Filter>Cpp Source Files</Filter>
    </ClInclude>
    <ClInclude Include="..\sakura_core\BackupAgent.h">
      <Filter>Cpp Source Files</Filter>
    </ClInclude>
    <ClInclude Include="..\sakura_core\CodeChecker.h">
      <Filter>Cpp Source Files</Filter>
    </ClInclude>
    <ClInclude Include="..\sakura_core\DataProfile.h">
      <Filter>Cpp Source Files</Filter>
    </ClInclude>
    <ClInclude Include="..\sakura_core\DicMgr.h">
      <Filter>Cpp Source Files</Filter>
    </ClInclude>
    <ClInclude Include="..\sakura_core\EditApp.h">
      <Filter>Cpp Source Files</Filter>
    </ClInclude>
    <ClInclude Include="..\sakura_core\Eol.h">
      <Filter>Cpp Source Files</Filter>
    </ClInclude>
    <ClInclude Include="..\sakura_core\FileExt.h">
      <Filter>Cpp Source Files</Filter>
    </ClInclude>
    <ClInclude Include="..\sakura_core\GrepAgent.h">
      <Filter>Cpp Source Files</Filter>
    </ClInclude>
    <ClInclude Include="..\sakura_core\GrepEnumFileBase.h">
      <Filter>Cpp Source Files</Filter>
    </ClInclude>
    <ClInclude Include="..\sakura_core\GrepEnumFiles.h">
      <Filter>Cpp Source Files</Filter>
    </ClInclude>
    <ClInclude Include="..\sakura_core\GrepEnumFilterFiles.h">
      <Filter>Cpp Source Files</Filter>
    </ClInclude>
    <ClInclude Include="..\sakura_core\GrepEnumFilterFolders.h">
      <Filter>Cpp Source Files</Filter>
    </ClInclude>
    <ClInclude Include="..\sakura_core\GrepEnumFolders.h">
      <Filter>Cpp Source Files</Filter>
    </ClInclude>
    <ClInclude Include="..\sakura_core\GrepEnumKeys.h">
      <Filter>Cpp Source Files</Filter>
    </ClInclude>
    <ClInclude Include="..\sakura_core\HokanMgr.h">
      <Filter>Cpp Source Files</Filter>
    </ClInclude>
    <ClInclude Include="..\sakura_core\KeyWordSetMgr.h">
      <Filter>Cpp Source Files</Filter>
    </ClInclude>
    <ClInclude Include="..\sakura_core\LoadAgent.h">
      <Filter>Cpp Source Files</Filter>
    </ClInclude>
    <ClInclude Include="..\sakura_core\MarkMgr.h">
      <Filter>Cpp Source Files</Filter>
    </ClInclude>
    <ClInclude Include="..\sakura_core\Ope.h">
      <Filter>Cpp Source Files</Filter>
    </ClInclude>
    <ClInclude Include="..\sakura_core\OpeBlk.h">
      <Filter>Cpp Source Files</Filter>
    </ClInclude>
    <ClInclude Include="..\sakura_core\OpeBuf.h">
      <Filter>Cpp Source Files</Filter>
    </ClInclude>
    <ClInclude Include="..\sakura_core\Profile.h">
      <Filter>Cpp Source Files</Filter>
    </ClInclude>
    <ClInclude Include="..\sakura_core\PropertyManager.h">
      <Filter>Cpp Source Files</Filter>
    </ClInclude>
    <ClInclude Include="..\sakura_core\ReadManager.h">
      <Filter>Cpp Source Files</Filter>
    </ClInclude>
    <ClInclude Include="..\sakura_core\RegexKeyword.h">
      <Filter>Cpp Source Files</Filter>
    </ClInclude>
    <ClInclude Include="..\sakura_core\SaveAgent.h">
      <Filter>Cpp Source Files</Filter>
    </ClInclude>
    <ClInclude Include="..\sakura_core\SearchAgent.h">
      <Filter>Cpp Source Files</Filter>
    </ClInclude>
    <ClInclude Include="..\sakura_core\SelectLang.h">
      <Filter>Cpp Source Files</Filter>
    </ClInclude>
    <ClInclude Include="..\sakura_core\SortedTagJumpList.h">
      <Filter>Cpp Source Files</Filter>
    </ClInclude>
    <ClInclude Include="..\sakura_core\WriteManager.h">
      <Filter>Cpp Source Files</Filter>
    </ClInclude>
    <ClInclude Include="..\sakura_core\EditInfo.h">
      <Filter>Cpp Source Files</Filter>
    </ClInclude>
    <ClInclude Include="..\sakura_core\apiwrap\ommonControl.h">
      <Filter>Cpp Source Files\apiwrap</Filter>
    </ClInclude>
    <ClInclude Include="..\sakura_core\apiwrap\StdApi.h">
      <Filter>Cpp Source Files\apiwrap</Filter>
    </ClInclude>
    <ClInclude Include="..\sakura_core\apiwrap\StdControl.h">
      <Filter>Cpp Source Files\apiwrap</Filter>
    </ClInclude>
    <ClInclude Include="..\sakura_core\charset\Cesu8.h">
      <Filter>Cpp Source Files\charset</Filter>
    </ClInclude>
    <ClInclude Include="..\sakura_core\charset\CodeBase.h">
      <Filter>Cpp Source Files\charset</Filter>
    </ClInclude>
    <ClInclude Include="..\sakura_core\charset\CodeFactory.h">
      <Filter>Cpp Source Files\charset</Filter>
    </ClInclude>
    <ClInclude Include="..\sakura_core\charset\CodeMediator.h">
      <Filter>Cpp Source Files\charset</Filter>
    </ClInclude>
    <ClInclude Include="..\sakura_core\charset\ESI.h">
      <Filter>Cpp Source Files\charset</Filter>
    </ClInclude>
    <ClInclude Include="..\sakura_core\charset\Euc.h">
      <Filter>Cpp Source Files\charset</Filter>
    </ClInclude>
    <ClInclude Include="..\sakura_core\charset\charcode.h">
      <Filter>Cpp Source Files\charset</Filter>
    </ClInclude>
    <ClInclude Include="..\sakura_core\charset\harPointer.h">
      <Filter>Cpp Source Files\charset</Filter>
    </ClInclude>
    <ClInclude Include="..\sakura_core\charset\charset.h">
      <Filter>Cpp Source Files\charset</Filter>
    </ClInclude>
    <ClInclude Include="..\sakura_core\charset\Jis.h">
      <Filter>Cpp Source Files\charset</Filter>
    </ClInclude>
    <ClInclude Include="..\sakura_core\charset\Latin1.h">
      <Filter>Cpp Source Files\charset</Filter>
    </ClInclude>
    <ClInclude Include="..\sakura_core\charset\codecheck.h">
      <Filter>Cpp Source Files\charset</Filter>
    </ClInclude>
    <ClInclude Include="..\sakura_core\charset\codeutil.h">
      <Filter>Cpp Source Files\charset</Filter>
    </ClInclude>
    <ClInclude Include="..\sakura_core\charset\ShiftJis.h">
      <Filter>Cpp Source Files\charset</Filter>
    </ClInclude>
    <ClInclude Include="..\sakura_core\charset\Unicode.h">
      <Filter>Cpp Source Files\charset</Filter>
    </ClInclude>
    <ClInclude Include="..\sakura_core\charset\UnicodeBe.h">
      <Filter>Cpp Source Files\charset</Filter>
    </ClInclude>
    <ClInclude Include="..\sakura_core\charset\Utf7.h">
      <Filter>Cpp Source Files\charset</Filter>
    </ClInclude>
    <ClInclude Include="..\sakura_core\charset\Utf8.h">
      <Filter>Cpp Source Files\charset</Filter>
    </ClInclude>
    <ClInclude Include="..\sakura_core\config\app_constants.h">
      <Filter>Cpp Source Files\config</Filter>
    </ClInclude>
    <ClInclude Include="..\sakura_core\config\build_config.h">
      <Filter>Cpp Source Files\config</Filter>
    </ClInclude>
    <ClInclude Include="..\sakura_core\config\maxdata.h">
      <Filter>Cpp Source Files\config</Filter>
    </ClInclude>
    <ClInclude Include="..\sakura_core\config\system_constants.h">
      <Filter>Cpp Source Files\config</Filter>
    </ClInclude>
    <ClInclude Include="..\sakura_core\convert\Convert.h">
      <Filter>Cpp Source Files\convert</Filter>
    </ClInclude>
    <ClInclude Include="..\sakura_core\convert\Convert_HaneisuToZeneisu.h">
      <Filter>Cpp Source Files\convert</Filter>
    </ClInclude>
    <ClInclude Include="..\sakura_core\convert\Convert_HankataToZenhira.h">
      <Filter>Cpp Source Files\convert</Filter>
    </ClInclude>
    <ClInclude Include="..\sakura_core\convert\Convert_HankataToZenkata.h">
      <Filter>Cpp Source Files\convert</Filter>
    </ClInclude>
    <ClInclude Include="..\sakura_core\convert\Convert_SpaceToTab.h">
      <Filter>Cpp Source Files\convert</Filter>
    </ClInclude>
    <ClInclude Include="..\sakura_core\convert\Convert_TabToSpace.h">
      <Filter>Cpp Source Files\convert</Filter>
    </ClInclude>
    <ClInclude Include="..\sakura_core\convert\Convert_ToHankaku.h">
      <Filter>Cpp Source Files\convert</Filter>
    </ClInclude>
    <ClInclude Include="..\sakura_core\convert\Convert_ToLower.h">
      <Filter>Cpp Source Files\convert</Filter>
    </ClInclude>
    <ClInclude Include="..\sakura_core\convert\Convert_ToUpper.h">
      <Filter>Cpp Source Files\convert</Filter>
    </ClInclude>
    <ClInclude Include="..\sakura_core\convert\Convert_ToZenhira.h">
      <Filter>Cpp Source Files\convert</Filter>
    </ClInclude>
    <ClInclude Include="..\sakura_core\convert\Convert_ToZenkata.h">
      <Filter>Cpp Source Files\convert</Filter>
    </ClInclude>
    <ClInclude Include="..\sakura_core\convert\Convert_Trim.h">
      <Filter>Cpp Source Files\convert</Filter>
    </ClInclude>
    <ClInclude Include="..\sakura_core\convert\Convert_ZeneisuToHaneisu.h">
      <Filter>Cpp Source Files\convert</Filter>
    </ClInclude>
    <ClInclude Include="..\sakura_core\convert\Convert_ZenkataToHankata.h">
      <Filter>Cpp Source Files\convert</Filter>
    </ClInclude>
    <ClInclude Include="..\sakura_core\convert\Decode.h">
      <Filter>Cpp Source Files\convert</Filter>
    </ClInclude>
    <ClInclude Include="..\sakura_core\convert\Decode_Base64Decode.h">
      <Filter>Cpp Source Files\convert</Filter>
    </ClInclude>
    <ClInclude Include="..\sakura_core\convert\Decode_UuDecode.h">
      <Filter>Cpp Source Files\convert</Filter>
    </ClInclude>
    <ClInclude Include="..\sakura_core\convert\convert_util.h">
      <Filter>Cpp Source Files\convert</Filter>
    </ClInclude>
    <ClInclude Include="..\sakura_core\convert\convert_util2.h">
      <Filter>Cpp Source Files\convert</Filter>
    </ClInclude>
    <ClInclude Include="..\sakura_core\io\BinaryStream.h">
      <Filter>Cpp Source Files\io</Filter>
    </ClInclude>
    <ClInclude Include="..\sakura_core\io\File.h">
      <Filter>Cpp Source Files\io</Filter>
    </ClInclude>
    <ClInclude Include="..\sakura_core\io\FileLoad.h">
      <Filter>Cpp Source Files\io</Filter>
    </ClInclude>
    <ClInclude Include="..\sakura_core\io\IoBridge.h">
      <Filter>Cpp Source Files\io</Filter>
    </ClInclude>
    <ClInclude Include="..\sakura_core\io\Stream.h">
      <Filter>Cpp Source Files\io</Filter>
    </ClInclude>
    <ClInclude Include="..\sakura_core\io\TextStream.h">
      <Filter>Cpp Source Files\io</Filter>
    </ClInclude>
    <ClInclude Include="..\sakura_core\io\ZipFile.h">
      <Filter>Cpp Source Files\io</Filter>
    </ClInclude>
    <ClInclude Include="..\sakura_core\mem\Memory.h">
      <Filter>Cpp Source Files\mem</Filter>
    </ClInclude>
    <ClInclude Include="..\sakura_core\mem\MemoryIterator.h">
      <Filter>Cpp Source Files\mem</Filter>
    </ClInclude>
    <ClInclude Include="..\sakura_core\mem\Native.h">
      <Filter>Cpp Source Files\mem</Filter>
    </ClInclude>
    <ClInclude Include="..\sakura_core\mem\NativeA.h">
      <Filter>Cpp Source Files\mem</Filter>
    </ClInclude>
    <ClInclude Include="..\sakura_core\mem\NativeT.h">
      <Filter>Cpp Source Files\mem</Filter>
    </ClInclude>
    <ClInclude Include="..\sakura_core\mem\NativeW.h">
      <Filter>Cpp Source Files\mem</Filter>
    </ClInclude>
    <ClInclude Include="..\sakura_core\mem\RecycledBuffer.h">
      <Filter>Cpp Source Files\mem</Filter>
    </ClInclude>
    <ClInclude Include="..\sakura_core\parse\WordParse.h">
      <Filter>Cpp Source Files\parse</Filter>
    </ClInclude>
    <ClInclude Include="..\sakura_core\env\AppNodeManager.h">
      <Filter>Cpp Source Files\env</Filter>
    </ClInclude>
    <ClInclude Include="..\sakura_core\env\DocTypeManager.h">
      <Filter>Cpp Source Files\env</Filter>
    </ClInclude>
    <ClInclude Include="..\sakura_core\env\FileNameManager.h">
      <Filter>Cpp Source Files\env</Filter>
    </ClInclude>
    <ClInclude Include="..\sakura_core\env\FormatManager.h">
      <Filter>Cpp Source Files\env</Filter>
    </ClInclude>
    <ClInclude Include="..\sakura_core\env\HelpManager.h">
      <Filter>Cpp Source Files\env</Filter>
    </ClInclude>
    <ClInclude Include="..\sakura_core\env\CommonSetting.h">
      <Filter>Cpp Source Files\env</Filter>
    </ClInclude>
    <ClInclude Include="..\sakura_core\env\SakuraEnvironment.h">
      <Filter>Cpp Source Files\env</Filter>
    </ClInclude>
    <ClInclude Include="..\sakura_core\env\SearchKeywordManager.h">
      <Filter>Cpp Source Files\env</Filter>
    </ClInclude>
    <ClInclude Include="..\sakura_core\env\ShareData.h">
      <Filter>Cpp Source Files\env</Filter>
    </ClInclude>
    <ClInclude Include="..\sakura_core\env\ShareData_IO.h">
      <Filter>Cpp Source Files\env</Filter>
    </ClInclude>
    <ClInclude Include="..\sakura_core\env\TagJumpManager.h">
      <Filter>Cpp Source Files\env</Filter>
    </ClInclude>
    <ClInclude Include="..\sakura_core\env\DLLSHAREDATA.h">
      <Filter>Cpp Source Files\env</Filter>
    </ClInclude>
    <ClInclude Include="..\sakura_core\util\container.h">
      <Filter>Cpp Source Files\util</Filter>
    </ClInclude>
    <ClInclude Include="..\sakura_core\util\design_template.h">
      <Filter>Cpp Source Files\util</Filter>
    </ClInclude>
    <ClInclude Include="..\sakura_core\util\fileUtil.h">
      <Filter>Cpp Source Files\util</Filter>
    </ClInclude>
    <ClInclude Include="..\sakura_core\util\format.h">
      <Filter>Cpp Source Files\util</Filter>
    </ClInclude>
    <ClInclude Include="..\sakura_core\util\input.h">
      <Filter>Cpp Source Files\util</Filter>
    </ClInclude>
    <ClInclude Include="..\sakura_core\util\MessageBoxF.h">
      <Filter>Cpp Source Files\util</Filter>
    </ClInclude>
    <ClInclude Include="..\sakura_core\util\module.h">
      <Filter>Cpp Source Files\util</Filter>
    </ClInclude>
    <ClInclude Include="..\sakura_core\util\ole_convert.h">
      <Filter>Cpp Source Files\util</Filter>
    </ClInclude>
    <ClInclude Include="..\sakura_core\util\os.h">
      <Filter>Cpp Source Files\util</Filter>
    </ClInclude>
    <ClInclude Include="..\sakura_core\util\other_util.h">
      <Filter>Cpp Source Files\util</Filter>
    </ClInclude>
    <ClInclude Include="..\sakura_core\util\RegKey.h">
      <Filter>Cpp Source Files\util</Filter>
    </ClInclude>
    <ClInclude Include="..\sakura_core\util\relation_tool.h">
      <Filter>Cpp Source Files\util</Filter>
    </ClInclude>
    <ClInclude Include="..\sakura_core\util\shell.h">
      <Filter>Cpp Source Files\util</Filter>
    </ClInclude>
    <ClInclude Include="..\sakura_core\util\StaticType.h">
      <Filter>Cpp Source Files\util</Filter>
    </ClInclude>
    <ClInclude Include="..\sakura_core\util\std_macro.h">
      <Filter>Cpp Source Files\util</Filter>
    </ClInclude>
    <ClInclude Include="..\sakura_core\util\string_ex.h">
      <Filter>Cpp Source Files\util</Filter>
    </ClInclude>
    <ClInclude Include="..\sakura_core\util\string_ex2.h">
      <Filter>Cpp Source Files\util</Filter>
    </ClInclude>
    <ClInclude Include="..\sakura_core\util\tchar_convert.h">
      <Filter>Cpp Source Files\util</Filter>
    </ClInclude>
    <ClInclude Include="..\sakura_core\util\tchar_printf.h">
      <Filter>Cpp Source Files\util</Filter>
    </ClInclude>
    <ClInclude Include="..\sakura_core\util\tchar_receive.h">
      <Filter>Cpp Source Files\util</Filter>
    </ClInclude>
    <ClInclude Include="..\sakura_core\util\tchar_template.h">
      <Filter>Cpp Source Files\util</Filter>
    </ClInclude>
    <ClInclude Include="..\sakura_core\util\window.h">
      <Filter>Cpp Source Files\util</Filter>
    </ClInclude>
    <ClInclude Include="..\sakura_core\basis\LaxInteger.h">
      <Filter>Cpp Source Files\basis</Filter>
    </ClInclude>
    <ClInclude Include="..\sakura_core\basis\MyPoint.h">
      <Filter>Cpp Source Files\basis</Filter>
    </ClInclude>
    <ClInclude Include="..\sakura_core\basis\MyRect.h">
      <Filter>Cpp Source Files\basis</Filter>
    </ClInclude>
    <ClInclude Include="..\sakura_core\basis\MySize.h">
      <Filter>Cpp Source Files\basis</Filter>
    </ClInclude>
    <ClInclude Include="..\sakura_core\basis\MyString.h">
      <Filter>Cpp Source Files\basis</Filter>
    </ClInclude>
    <ClInclude Include="..\sakura_core\basis\StrictInteger.h">
      <Filter>Cpp Source Files\basis</Filter>
    </ClInclude>
    <ClInclude Include="..\sakura_core\basis\StrictPoint.h">
      <Filter>Cpp Source Files\basis</Filter>
    </ClInclude>
    <ClInclude Include="..\sakura_core\basis\StrictRange.h">
      <Filter>Cpp Source Files\basis</Filter>
    </ClInclude>
    <ClInclude Include="..\sakura_core\basis\StrictRect.h">
      <Filter>Cpp Source Files\basis</Filter>
    </ClInclude>
    <ClInclude Include="..\sakura_core\basis\primitive.h">
      <Filter>Cpp Source Files\basis</Filter>
    </ClInclude>
    <ClInclude Include="..\sakura_core\basis\SakuraBasis.h">
      <Filter>Cpp Source Files\basis</Filter>
    </ClInclude>
    <ClInclude Include="..\sakura_core\typeprop\DlgKeywordSelect.h">
      <Filter>Cpp Source Files\typeprop</Filter>
    </ClInclude>
    <ClInclude Include="..\sakura_core\typeprop\DlgSameColor.h">
      <Filter>Cpp Source Files\typeprop</Filter>
    </ClInclude>
    <ClInclude Include="..\sakura_core\typeprop\DlgTypeAscertain.h">
      <Filter>Cpp Source Files\typeprop</Filter>
    </ClInclude>
    <ClInclude Include="..\sakura_core\typeprop\DlgTypeList.h">
      <Filter>Cpp Source Files\typeprop</Filter>
    </ClInclude>
    <ClInclude Include="..\sakura_core\typeprop\ImpExpManager.h">
      <Filter>Cpp Source Files\typeprop</Filter>
    </ClInclude>
    <ClInclude Include="..\sakura_core\typeprop\PropTypes.h">
      <Filter>Cpp Source Files\typeprop</Filter>
    </ClInclude>
    <ClInclude Include="..\sakura_core\types\Type.h">
      <Filter>Cpp Source Files\types</Filter>
    </ClInclude>
    <ClInclude Include="..\sakura_core\types\TypeSupport.h">
      <Filter>Cpp Source Files\types</Filter>
    </ClInclude>
    <ClInclude Include="..\sakura_core\view\Caret.h">
      <Filter>Cpp Source Files\view</Filter>
    </ClInclude>
    <ClInclude Include="..\sakura_core\view\EditView.h">
      <Filter>Cpp Source Files\view</Filter>
    </ClInclude>
    <ClInclude Include="..\sakura_core\view\EditView_Paint.h">
      <Filter>Cpp Source Files\view</Filter>
    </ClInclude>
    <ClInclude Include="..\sakura_core\view\Ruler.h">
      <Filter>Cpp Source Files\view</Filter>
    </ClInclude>
    <ClInclude Include="..\sakura_core\view\TextArea.h">
      <Filter>Cpp Source Files\view</Filter>
    </ClInclude>
    <ClInclude Include="..\sakura_core\view\TextDrawer.h">
      <Filter>Cpp Source Files\view</Filter>
    </ClInclude>
    <ClInclude Include="..\sakura_core\view\TextMetrics.h">
      <Filter>Cpp Source Files\view</Filter>
    </ClInclude>
    <ClInclude Include="..\sakura_core\view\ViewCalc.h">
      <Filter>Cpp Source Files\view</Filter>
    </ClInclude>
    <ClInclude Include="..\sakura_core\view\ViewFont.h">
      <Filter>Cpp Source Files\view</Filter>
    </ClInclude>
    <ClInclude Include="..\sakura_core\view\ViewParser.h">
      <Filter>Cpp Source Files\view</Filter>
    </ClInclude>
    <ClInclude Include="..\sakura_core\view\ViewSelect.h">
      <Filter>Cpp Source Files\view</Filter>
    </ClInclude>
    <ClInclude Include="..\sakura_core\view\DispPos.h">
      <Filter>Cpp Source Files\view</Filter>
    </ClInclude>
    <ClInclude Include="..\sakura_core\view\colors\Color_Comment.h">
      <Filter>Cpp Source Files\view\colors</Filter>
    </ClInclude>
    <ClInclude Include="..\sakura_core\view\colors\Color_Found.h">
      <Filter>Cpp Source Files\view\colors</Filter>
    </ClInclude>
    <ClInclude Include="..\sakura_core\view\colors\Color_Heredoc.h">
      <Filter>Cpp Source Files\view\colors</Filter>
    </ClInclude>
    <ClInclude Include="..\sakura_core\view\colors\Color_KeywordSet.h">
      <Filter>Cpp Source Files\view\colors</Filter>
    </ClInclude>
    <ClInclude Include="..\sakura_core\view\colors\Color_Numeric.h">
      <Filter>Cpp Source Files\view\colors</Filter>
    </ClInclude>
    <ClInclude Include="..\sakura_core\view\colors\Color_Quote.h">
      <Filter>Cpp Source Files\view\colors</Filter>
    </ClInclude>
    <ClInclude Include="..\sakura_core\view\colors\Color_RegexKeyword.h">
      <Filter>Cpp Source Files\view\colors</Filter>
    </ClInclude>
    <ClInclude Include="..\sakura_core\view\colors\Color_Url.h">
      <Filter>Cpp Source Files\view\colors</Filter>
    </ClInclude>
    <ClInclude Include="..\sakura_core\view\colors\ColorStrategy.h">
      <Filter>Cpp Source Files\view\colors</Filter>
    </ClInclude>
    <ClInclude Include="..\sakura_core\view\colors\EolorIndexType.h">
      <Filter>Cpp Source Files\view\colors</Filter>
    </ClInclude>
    <ClInclude Include="..\sakura_core\view\figures\Figure_CtrlCode.h">
      <Filter>Cpp Source Files\view\figures</Filter>
    </ClInclude>
    <ClInclude Include="..\sakura_core\view\figures\Figure_Eol.h">
      <Filter>Cpp Source Files\view\figures</Filter>
    </ClInclude>
    <ClInclude Include="..\sakura_core\view\figures\Figure_HanSpace.h">
      <Filter>Cpp Source Files\view\figures</Filter>
    </ClInclude>
    <ClInclude Include="..\sakura_core\view\figures\Figure_Tab.h">
      <Filter>Cpp Source Files\view\figures</Filter>
    </ClInclude>
    <ClInclude Include="..\sakura_core\view\figures\Figure_ZenSpace.h">
      <Filter>Cpp Source Files\view\figures</Filter>
    </ClInclude>
    <ClInclude Include="..\sakura_core\view\figures\FigureManager.h">
      <Filter>Cpp Source Files\view\figures</Filter>
    </ClInclude>
    <ClInclude Include="..\sakura_core\view\figures\FigureStrategy.h">
      <Filter>Cpp Source Files\view\figures</Filter>
    </ClInclude>
    <ClInclude Include="..\sakura_core\prop\PropCommon.h">
      <Filter>Cpp Source Files\prop</Filter>
    </ClInclude>
    <ClInclude Include="..\sakura_core\recent\MRUFile.h">
      <Filter>Cpp Source Files\recent</Filter>
    </ClInclude>
    <ClInclude Include="..\sakura_core\recent\MRUFolder.h">
      <Filter>Cpp Source Files\recent</Filter>
    </ClInclude>
    <ClInclude Include="..\sakura_core\recent\MruListener.h">
      <Filter>Cpp Source Files\recent</Filter>
    </ClInclude>
    <ClInclude Include="..\sakura_core\recent\Recent.h">
      <Filter>Cpp Source Files\recent</Filter>
    </ClInclude>
    <ClInclude Include="..\sakura_core\recent\RecentCmd.h">
      <Filter>Cpp Source Files\recent</Filter>
    </ClInclude>
    <ClInclude Include="..\sakura_core\recent\RecentCurDir.h">
      <Filter>Cpp Source Files\recent</Filter>
    </ClInclude>
    <ClInclude Include="..\sakura_core\recent\RecentEditNode.h">
      <Filter>Cpp Source Files\recent</Filter>
    </ClInclude>
    <ClInclude Include="..\sakura_core\recent\RecentExceptMru.h">
      <Filter>Cpp Source Files\recent</Filter>
    </ClInclude>
    <ClInclude Include="..\sakura_core\recent\RecentFile.h">
      <Filter>Cpp Source Files\recent</Filter>
    </ClInclude>
    <ClInclude Include="..\sakura_core\recent\RecentFolder.h">
      <Filter>Cpp Source Files\recent</Filter>
    </ClInclude>
    <ClInclude Include="..\sakura_core\recent\RecentGrepFile.h">
      <Filter>Cpp Source Files\recent</Filter>
    </ClInclude>
    <ClInclude Include="..\sakura_core\recent\RecentGrepFolder.h">
      <Filter>Cpp Source Files\recent</Filter>
    </ClInclude>
    <ClInclude Include="..\sakura_core\recent\RecentImp.h">
      <Filter>Cpp Source Files\recent</Filter>
    </ClInclude>
    <ClInclude Include="..\sakura_core\recent\RecentReplace.h">
      <Filter>Cpp Source Files\recent</Filter>
    </ClInclude>
    <ClInclude Include="..\sakura_core\recent\RecentSearch.h">
      <Filter>Cpp Source Files\recent</Filter>
    </ClInclude>
    <ClInclude Include="..\sakura_core\recent\RecentTagjumpKeyword.h">
      <Filter>Cpp Source Files\recent</Filter>
    </ClInclude>
    <ClInclude Include="..\sakura_core\doc\BlockComment.h">
      <Filter>Cpp Source Files\doc</Filter>
    </ClInclude>
    <ClInclude Include="..\sakura_core\doc\DocEditor.h">
      <Filter>Cpp Source Files\doc</Filter>
    </ClInclude>
    <ClInclude Include="..\sakura_core\doc\DocFile.h">
      <Filter>Cpp Source Files\doc</Filter>
    </ClInclude>
    <ClInclude Include="..\sakura_core\doc\DocFileOperation.h">
      <Filter>Cpp Source Files\doc</Filter>
    </ClInclude>
    <ClInclude Include="..\sakura_core\doc\DocListener.h">
      <Filter>Cpp Source Files\doc</Filter>
    </ClInclude>
    <ClInclude Include="..\sakura_core\doc\DocLocker.h">
      <Filter>Cpp Source Files\doc</Filter>
    </ClInclude>
    <ClInclude Include="..\sakura_core\doc\DocOutline.h">
      <Filter>Cpp Source Files\doc</Filter>
    </ClInclude>
    <ClInclude Include="..\sakura_core\doc\DocReader.h">
      <Filter>Cpp Source Files\doc</Filter>
    </ClInclude>
    <ClInclude Include="..\sakura_core\doc\DocType.h">
      <Filter>Cpp Source Files\doc</Filter>
    </ClInclude>
    <ClInclude Include="..\sakura_core\doc\DocTypeSetting.h">
      <Filter>Cpp Source Files\doc</Filter>
    </ClInclude>
    <ClInclude Include="..\sakura_core\doc\DocVisitor.h">
      <Filter>Cpp Source Files\doc</Filter>
    </ClInclude>
    <ClInclude Include="..\sakura_core\doc\EditDoc.h">
      <Filter>Cpp Source Files\doc</Filter>
    </ClInclude>
    <ClInclude Include="..\sakura_core\doc\LineComment.h">
      <Filter>Cpp Source Files\doc</Filter>
    </ClInclude>
    <ClInclude Include="..\sakura_core\doc\layout\Layout.h">
      <Filter>Cpp Source Files\doc\layout</Filter>
    </ClInclude>
    <ClInclude Include="..\sakura_core\doc\layout\LayoutExInfo.h">
      <Filter>Cpp Source Files\doc\layout</Filter>
    </ClInclude>
    <ClInclude Include="..\sakura_core\doc\layout\LayoutMgr.h">
      <Filter>Cpp Source Files\doc\layout</Filter>
    </ClInclude>
    <ClInclude Include="..\sakura_core\doc\logic\DocLine.h">
      <Filter>Cpp Source Files\doc\logic</Filter>
    </ClInclude>
    <ClInclude Include="..\sakura_core\doc\logic\DocLineMgr.h">
      <Filter>Cpp Source Files\doc\logic</Filter>
    </ClInclude>
    <ClInclude Include="..\sakura_core\macro\CookieManager.h">
      <Filter>Cpp Source Files\macro</Filter>
    </ClInclude>
    <ClInclude Include="..\sakura_core\macro\EditorIfObj.h">
      <Filter>Cpp Source Files\macro</Filter>
    </ClInclude>
    <ClInclude Include="..\sakura_core\macro\IfObj.h">
      <Filter>Cpp Source Files\macro</Filter>
    </ClInclude>
    <ClInclude Include="..\sakura_core\macro\KeyMacroMgr.h">
      <Filter>Cpp Source Files\macro</Filter>
    </ClInclude>
    <ClInclude Include="..\sakura_core\macro\Macro.h">
      <Filter>Cpp Source Files\macro</Filter>
    </ClInclude>
    <ClInclude Include="..\sakura_core\macro\MacroFactory.h">
      <Filter>Cpp Source Files\macro</Filter>
    </ClInclude>
    <ClInclude Include="..\sakura_core\macro\MacroManagerBase.h">
      <Filter>Cpp Source Files\macro</Filter>
    </ClInclude>
    <ClInclude Include="..\sakura_core\macro\PPA.h">
      <Filter>Cpp Source Files\macro</Filter>
    </ClInclude>
    <ClInclude Include="..\sakura_core\macro\PPAMacroMgr.h">
      <Filter>Cpp Source Files\macro</Filter>
    </ClInclude>
    <ClInclude Include="..\sakura_core\macro\SMacroMgr.h">
      <Filter>Cpp Source Files\macro</Filter>
    </ClInclude>
    <ClInclude Include="..\sakura_core\macro\WSH.h">
      <Filter>Cpp Source Files\macro</Filter>
    </ClInclude>
    <ClInclude Include="..\sakura_core\macro\WSHIfObj.h">
      <Filter>Cpp Source Files\macro</Filter>
    </ClInclude>
    <ClInclude Include="..\sakura_core\macro\WSHManager.h">
      <Filter>Cpp Source Files\macro</Filter>
    </ClInclude>
    <ClInclude Include="..\sakura_core\dlg\Dialog.h">
      <Filter>Cpp Source Files\dlg</Filter>
    </ClInclude>
    <ClInclude Include="..\sakura_core\dlg\DlgAbout.h">
      <Filter>Cpp Source Files\dlg</Filter>
    </ClInclude>
    <ClInclude Include="..\sakura_core\dlg\DlgCancel.h">
      <Filter>Cpp Source Files\dlg</Filter>
    </ClInclude>
    <ClInclude Include="..\sakura_core\dlg\DlgCompare.h">
      <Filter>Cpp Source Files\dlg</Filter>
    </ClInclude>
    <ClInclude Include="..\sakura_core\dlg\DlgCtrlCode.h">
      <Filter>Cpp Source Files\dlg</Filter>
    </ClInclude>
    <ClInclude Include="..\sakura_core\dlg\DlgDiff.h">
      <Filter>Cpp Source Files\dlg</Filter>
    </ClInclude>
    <ClInclude Include="..\sakura_core\dlg\DlgExec.h">
      <Filter>Cpp Source Files\dlg</Filter>
    </ClInclude>
    <ClInclude Include="..\sakura_core\dlg\DlgFavorite.h">
      <Filter>Cpp Source Files\dlg</Filter>
    </ClInclude>
    <ClInclude Include="..\sakura_core\dlg\DlgFileUpdateQuery.h">
      <Filter>Cpp Source Files\dlg</Filter>
    </ClInclude>
    <ClInclude Include="..\sakura_core\dlg\DlgFind.h">
      <Filter>Cpp Source Files\dlg</Filter>
    </ClInclude>
    <ClInclude Include="..\sakura_core\dlg\DlgGrep.h">
      <Filter>Cpp Source Files\dlg</Filter>
    </ClInclude>
    <ClInclude Include="..\sakura_core\dlg\DlgInput1.h">
      <Filter>Cpp Source Files\dlg</Filter>
    </ClInclude>
    <ClInclude Include="..\sakura_core\dlg\DlgJump.h">
      <Filter>Cpp Source Files\dlg</Filter>
    </ClInclude>
    <ClInclude Include="..\sakura_core\dlg\DlgOpenFile.h">
      <Filter>Cpp Source Files\dlg</Filter>
    </ClInclude>
    <ClInclude Include="..\sakura_core\dlg\DlgPluginOption.h">
      <Filter>Cpp Source Files\dlg</Filter>
    </ClInclude>
    <ClInclude Include="..\sakura_core\dlg\DlgPrintSetting.h">
      <Filter>Cpp Source Files\dlg</Filter>
    </ClInclude>
    <ClInclude Include="..\sakura_core\dlg\DlgProperty.h">
      <Filter>Cpp Source Files\dlg</Filter>
    </ClInclude>
    <ClInclude Include="..\sakura_core\dlg\DlgReplace.h">
      <Filter>Cpp Source Files\dlg</Filter>
    </ClInclude>
    <ClInclude Include="..\sakura_core\dlg\DlgSetCharSet.h">
      <Filter>Cpp Source Files\dlg</Filter>
    </ClInclude>
    <ClInclude Include="..\sakura_core\dlg\DlgTagJumpList.h">
      <Filter>Cpp Source Files\dlg</Filter>
    </ClInclude>
    <ClInclude Include="..\sakura_core\dlg\DlgTagsMake.h">
      <Filter>Cpp Source Files\dlg</Filter>
    </ClInclude>
    <ClInclude Include="..\sakura_core\dlg\DlgWinSize.h">
      <Filter>Cpp Source Files\dlg</Filter>
    </ClInclude>
    <ClInclude Include="..\sakura_core\window\AutoScrollWnd.h">
      <Filter>Cpp Source Files\window</Filter>
    </ClInclude>
    <ClInclude Include="..\sakura_core\window\EditWnd.h">
      <Filter>Cpp Source Files\window</Filter>
    </ClInclude>
    <ClInclude Include="..\sakura_core\window\MainStatusBar.h">
      <Filter>Cpp Source Files\window</Filter>
    </ClInclude>
    <ClInclude Include="..\sakura_core\window\MainToolBar.h">
      <Filter>Cpp Source Files\window</Filter>
    </ClInclude>
    <ClInclude Include="..\sakura_core\window\SplitBoxWnd.h">
      <Filter>Cpp Source Files\window</Filter>
    </ClInclude>
    <ClInclude Include="..\sakura_core\window\SplitterWnd.h">
      <Filter>Cpp Source Files\window</Filter>
    </ClInclude>
    <ClInclude Include="..\sakura_core\window\TabWnd.h">
      <Filter>Cpp Source Files\window</Filter>
    </ClInclude>
    <ClInclude Include="..\sakura_core\window\TipWnd.h">
      <Filter>Cpp Source Files\window</Filter>
    </ClInclude>
    <ClInclude Include="..\sakura_core\window\Wnd.h">
      <Filter>Cpp Source Files\window</Filter>
    </ClInclude>
    <ClInclude Include="..\sakura_core\docplus\BookmarkManager.h">
      <Filter>Cpp Source Files\docplus</Filter>
    </ClInclude>
    <ClInclude Include="..\sakura_core\docplus\DiffManager.h">
      <Filter>Cpp Source Files\docplus</Filter>
    </ClInclude>
    <ClInclude Include="..\sakura_core\docplus\ModifyManager.h">
      <Filter>Cpp Source Files\docplus</Filter>
    </ClInclude>
    <ClInclude Include="..\sakura_core\debug\RunningTimer.h">
      <Filter>Cpp Source Files\debug</Filter>
    </ClInclude>
    <ClInclude Include="..\sakura_core\debug\Debug1.h">
      <Filter>Cpp Source Files\debug</Filter>
    </ClInclude>
    <ClInclude Include="..\sakura_core\debug\Debug2.h">
      <Filter>Cpp Source Files\debug</Filter>
    </ClInclude>
    <ClInclude Include="..\sakura_core\debug\Debug3.h">
      <Filter>Cpp Source Files\debug</Filter>
    </ClInclude>
    <ClInclude Include="..\sakura_core\_main\AppMode.h">
      <Filter>Cpp Source Files\_main</Filter>
    </ClInclude>
    <ClInclude Include="..\sakura_core\_main\CommandLine.h">
      <Filter>Cpp Source Files\_main</Filter>
    </ClInclude>
    <ClInclude Include="..\sakura_core\_main\ControlProcess.h">
      <Filter>Cpp Source Files\_main</Filter>
    </ClInclude>
    <ClInclude Include="..\sakura_core\_main\ControlTray.h">
      <Filter>Cpp Source Files\_main</Filter>
    </ClInclude>
    <ClInclude Include="..\sakura_core\_main\Mutex.h">
      <Filter>Cpp Source Files\_main</Filter>
    </ClInclude>
    <ClInclude Include="..\sakura_core\_main\NormalProcess.h">
      <Filter>Cpp Source Files\_main</Filter>
    </ClInclude>
    <ClInclude Include="..\sakura_core\_main\Process.h">
      <Filter>Cpp Source Files\_main</Filter>
    </ClInclude>
    <ClInclude Include="..\sakura_core\_main\ProcessFactory.h">
      <Filter>Cpp Source Files\_main</Filter>
    </ClInclude>
    <ClInclude Include="..\sakura_core\_main\global.h">
      <Filter>Cpp Source Files\_main</Filter>
    </ClInclude>
    <ClInclude Include="..\sakura_core\_os\Clipboard.h">
      <Filter>Cpp Source Files\_os</Filter>
    </ClInclude>
    <ClInclude Include="..\sakura_core\_os\DropTarget.h">
      <Filter>Cpp Source Files\_os</Filter>
    </ClInclude>
    <ClInclude Include="..\sakura_core\_os\OsVersionInfo.h">
      <Filter>Cpp Source Files\_os</Filter>
    </ClInclude>
    <ClInclude Include="..\sakura_core\_os\OleTypes.h">
      <Filter>Cpp Source Files\_os</Filter>
    </ClInclude>
    <ClInclude Include="..\sakura_core\outline\DlgFuncList.h">
      <Filter>Cpp Source Files\outline</Filter>
    </ClInclude>
    <ClInclude Include="..\sakura_core\outline\FuncInfo.h">
      <Filter>Cpp Source Files\outline</Filter>
    </ClInclude>
    <ClInclude Include="..\sakura_core\outline\FuncInfoArr.h">
      <Filter>Cpp Source Files\outline</Filter>
    </ClInclude>
    <ClInclude Include="..\sakura_core\func\FuncKeyWnd.h">
      <Filter>Cpp Source Files\func</Filter>
    </ClInclude>
    <ClInclude Include="..\sakura_core\func\FuncLookup.h">
      <Filter>Cpp Source Files\func</Filter>
    </ClInclude>
    <ClInclude Include="..\sakura_core\func\KeyBind.h">
      <Filter>Cpp Source Files\func</Filter>
    </ClInclude>
    <ClInclude Include="..\sakura_core\func\Funccode.h">
      <Filter>Cpp Source Files\func</Filter>
    </ClInclude>
    <ClInclude Include="..\sakura_core\plugin\ComplementIfObj.h">
      <Filter>Cpp Source Files\plugin</Filter>
    </ClInclude>
    <ClInclude Include="..\sakura_core\plugin\DllPlugin.h">
      <Filter>Cpp Source Files\plugin</Filter>
    </ClInclude>
    <ClInclude Include="..\sakura_core\plugin\JackManager.h">
      <Filter>Cpp Source Files\plugin</Filter>
    </ClInclude>
    <ClInclude Include="..\sakura_core\plugin\OutlineIfObj.h">
      <Filter>Cpp Source Files\plugin</Filter>
    </ClInclude>
    <ClInclude Include="..\sakura_core\plugin\Plugin.h">
      <Filter>Cpp Source Files\plugin</Filter>
    </ClInclude>
    <ClInclude Include="..\sakura_core\plugin\PluginIfObj.h">
      <Filter>Cpp Source Files\plugin</Filter>
    </ClInclude>
    <ClInclude Include="..\sakura_core\plugin\PluginManager.h">
      <Filter>Cpp Source Files\plugin</Filter>
    </ClInclude>
    <ClInclude Include="..\sakura_core\plugin\SmartIndentIfObj.h">
      <Filter>Cpp Source Files\plugin</Filter>
    </ClInclude>
    <ClInclude Include="..\sakura_core\plugin\WSHPlugin.h">
      <Filter>Cpp Source Files\plugin</Filter>
    </ClInclude>
    <ClInclude Include="..\sakura_core\mfclike\MyWnd.h">
      <Filter>Cpp Source Files\mfclike</Filter>
    </ClInclude>
    <ClInclude Include="..\sakura_core\cmd\ViewCommander.h">
      <Filter>Cpp Source Files\cmd</Filter>
    </ClInclude>
    <ClInclude Include="..\sakura_core\cmd\ViewCommander_inline.h">
      <Filter>Cpp Source Files\cmd</Filter>
    </ClInclude>
    <ClInclude Include="..\sakura_core\extmodule\Bregexp.h">
      <Filter>Cpp Source Files\extmodule</Filter>
    </ClInclude>
    <ClInclude Include="..\sakura_core\extmodule\BregexpDll2.h">
      <Filter>Cpp Source Files\extmodule</Filter>
    </ClInclude>
    <ClInclude Include="..\sakura_core\extmodule\DllHandler.h">
      <Filter>Cpp Source Files\extmodule</Filter>
    </ClInclude>
    <ClInclude Include="..\sakura_core\extmodule\HtmlHelp.h">
      <Filter>Cpp Source Files\extmodule</Filter>
    </ClInclude>
    <ClInclude Include="..\sakura_core\extmodule\Migemo.h">
      <Filter>Cpp Source Files\extmodule</Filter>
    </ClInclude>
    <ClInclude Include="..\sakura_core\extmodule\UxTheme.h">
      <Filter>Cpp Source Files\extmodule</Filter>
    </ClInclude>
    <ClInclude Include="..\sakura_core\print\Print.h">
      <Filter>Cpp Source Files\print</Filter>
    </ClInclude>
    <ClInclude Include="..\sakura_core\print\PrintPreview.h">
      <Filter>Cpp Source Files\print</Filter>
    </ClInclude>
    <ClInclude Include="..\sakura_core\uiparts\Graphics.h">
      <Filter>Cpp Source Files\uiparts</Filter>
    </ClInclude>
    <ClInclude Include="..\sakura_core\uiparts\ImageListMgr.h">
      <Filter>Cpp Source Files\uiparts</Filter>
    </ClInclude>
    <ClInclude Include="..\sakura_core\uiparts\MenuDrawer.h">
      <Filter>Cpp Source Files\uiparts</Filter>
    </ClInclude>
    <ClInclude Include="..\sakura_core\uiparts\SoundSet.h">
      <Filter>Cpp Source Files\uiparts</Filter>
    </ClInclude>
    <ClInclude Include="..\sakura_core\uiparts\VisualProgress.h">
      <Filter>Cpp Source Files\uiparts</Filter>
    </ClInclude>
    <ClInclude Include="..\sakura_core\uiparts\WaitCursor.h">
      <Filter>Cpp Source Files\uiparts</Filter>
    </ClInclude>
    <ClInclude Include="..\sakura_core\uiparts\Handursor.h">
      <Filter>Cpp Source Files\uiparts</Filter>
    </ClInclude>
    <ClInclude Include="..\sakura_core\plugin\SakuraPlugin.h">
      <Filter>Cpp Source Files\plugin</Filter>
    </ClInclude>
    <ClInclude Include="..\sakura_core\macro\PluginMacroManager.h">
      <Filter>Cpp Source Files\plugin</Filter>
    </ClInclude>
    <ClInclude Include="..\sakura_core\macro\MacroIfObj.h">
      <Filter>Cpp Source Files\macro</Filter>
    </ClInclude>
    <ClInclude Include="..\sakura_core\charset\CodePage.h">
      <Filter>Cpp Source Files\charset</Filter>
    </ClInclude>
    <ClInclude Include="..\sakura_core\dlg\DlgProfileMgr.h">
      <Filter>Cpp Source Files\dlg</Filter>
    </ClInclude>
    <ClInclude Include="..\sakura_core\outline\DlgFileTree.h">
      <Filter>Cpp Source Files\outline</Filter>
    </ClInclude>
    <ClInclude Include="..\sakura_core\dlg\DlgGrepReplace.h">
      <Filter>Cpp Source Files\dlg</Filter>
    </ClInclude>
    <ClInclude Include="..\sakura_core\docplus\FuncListManager.h">
      <Filter>Cpp Source Files\docplus</Filter>
    </ClInclude>
  </ItemGroup>
  <ItemGroup>
    <None Include="..\sakura_core\Funccode_x.hsrc">
      <Filter>Other Files</Filter>
    </None>
    <None Include="..\resource\auto_scroll_center.cur">
      <Filter>Resource Files</Filter>
    </None>
    <None Include="..\resource\auto_scroll_down.cur">
      <Filter>Resource Files</Filter>
    </None>
    <None Include="..\resource\auto_scroll_down_left.cur">
      <Filter>Resource Files</Filter>
    </None>
    <None Include="..\resource\auto_scroll_down_right.cur">
      <Filter>Resource Files</Filter>
    </None>
    <None Include="..\resource\auto_scroll_horizontal.cur">
      <Filter>Resource Files</Filter>
    </None>
    <None Include="..\resource\auto_scroll_left.cur">
      <Filter>Resource Files</Filter>
    </None>
    <None Include="..\resource\auto_scroll_right.cur">
      <Filter>Resource Files</Filter>
    </None>
    <None Include="..\resource\auto_scroll_up.cur">
      <Filter>Resource Files</Filter>
    </None>
    <None Include="..\resource\auto_scroll_up_left.cur">
      <Filter>Resource Files</Filter>
    </None>
    <None Include="..\resource\auto_scroll_up_right.cur">
      <Filter>Resource Files</Filter>
    </None>
    <None Include="..\resource\auto_scroll_vertical.cur">
      <Filter>Resource Files</Filter>
    </None>
    <None Include="..\resource\cursor_copy.cur">
      <Filter>Resource Files</Filter>
    </None>
    <None Include="..\resource\cursor_hand.cur">
      <Filter>Resource Files</Filter>
    </None>
    <None Include="..\resource\cursor_isb.cur">
      <Filter>Resource Files</Filter>
    </None>
    <None Include="..\resource\cursor_isf.cur">
      <Filter>Resource Files</Filter>
    </None>
    <None Include="..\resource\cursor_move.cur">
      <Filter>Resource Files</Filter>
    </None>
    <None Include="..\resource\cursor_rvarrow.cur">
      <Filter>Resource Files</Filter>
    </None>
    <None Include="..\resource\cursor_tab_join.cur">
      <Filter>Resource Files</Filter>
    </None>
    <None Include="..\resource\cursor_tab_separate.cur">
      <Filter>Resource Files</Filter>
    </None>
    <None Include="..\resource\MainMenu.ini">
      <Filter>Resource Files</Filter>
    </None>
  </ItemGroup>
  <ItemGroup>
    <ResourceCompile Include="..\sakura_core\sakura_rc.rc">
      <Filter>Other Files</Filter>
    </ResourceCompile>
  </ItemGroup>
  <ItemGroup>
    <ClCompile Include="..\sakura_core\StdAfx.cpp">
      <Filter>Other Files</Filter>
    </ClCompile>
    <ClCompile Include="..\sakura_core\AutoReloadAgent.cpp">
      <Filter>Cpp Source Files</Filter>
    </ClCompile>
    <ClCompile Include="..\sakura_core\AutoSaveAgent.cpp">
      <Filter>Cpp Source Files</Filter>
    </ClCompile>
    <ClCompile Include="..\sakura_core\BackupAgent.cpp">
      <Filter>Cpp Source Files</Filter>
    </ClCompile>
    <ClCompile Include="..\sakura_core\CodeChecker.cpp">
      <Filter>Cpp Source Files</Filter>
    </ClCompile>
    <ClCompile Include="..\sakura_core\DataProfile.cpp">
      <Filter>Cpp Source Files</Filter>
    </ClCompile>
    <ClCompile Include="..\sakura_core\DicMgr.cpp">
      <Filter>Cpp Source Files</Filter>
    </ClCompile>
    <ClCompile Include="..\sakura_core\EditApp.cpp">
      <Filter>Cpp Source Files</Filter>
    </ClCompile>
    <ClCompile Include="..\sakura_core\Eol.cpp">
      <Filter>Cpp Source Files</Filter>
    </ClCompile>
    <ClCompile Include="..\sakura_core\FileExt.cpp">
      <Filter>Cpp Source Files</Filter>
    </ClCompile>
    <ClCompile Include="..\sakura_core\GrepAgent.cpp">
      <Filter>Cpp Source Files</Filter>
    </ClCompile>
    <ClCompile Include="..\sakura_core\HokanMgr.cpp">
      <Filter>Cpp Source Files</Filter>
    </ClCompile>
    <ClCompile Include="..\sakura_core\KeyWordSetMgr.cpp">
      <Filter>Cpp Source Files</Filter>
    </ClCompile>
    <ClCompile Include="..\sakura_core\LoadAgent.cpp">
      <Filter>Cpp Source Files</Filter>
    </ClCompile>
    <ClCompile Include="..\sakura_core\MarkMgr.cpp">
      <Filter>Cpp Source Files</Filter>
    </ClCompile>
    <ClCompile Include="..\sakura_core\Ope.cpp">
      <Filter>Cpp Source Files</Filter>
    </ClCompile>
    <ClCompile Include="..\sakura_core\OpeBlk.cpp">
      <Filter>Cpp Source Files</Filter>
    </ClCompile>
    <ClCompile Include="..\sakura_core\OpeBuf.cpp">
      <Filter>Cpp Source Files</Filter>
    </ClCompile>
    <ClCompile Include="..\sakura_core\Profile.cpp">
      <Filter>Cpp Source Files</Filter>
    </ClCompile>
    <ClCompile Include="..\sakura_core\PropertyManager.cpp">
      <Filter>Cpp Source Files</Filter>
    </ClCompile>
    <ClCompile Include="..\sakura_core\ReadManager.cpp">
      <Filter>Cpp Source Files</Filter>
    </ClCompile>
    <ClCompile Include="..\sakura_core\RegexKeyword.cpp">
      <Filter>Cpp Source Files</Filter>
    </ClCompile>
    <ClCompile Include="..\sakura_core\SaveAgent.cpp">
      <Filter>Cpp Source Files</Filter>
    </ClCompile>
    <ClCompile Include="..\sakura_core\SearchAgent.cpp">
      <Filter>Cpp Source Files</Filter>
    </ClCompile>
    <ClCompile Include="..\sakura_core\SelectLang.cpp">
      <Filter>Cpp Source Files</Filter>
    </ClCompile>
    <ClCompile Include="..\sakura_core\SortedTagJumpList.cpp">
      <Filter>Cpp Source Files</Filter>
    </ClCompile>
    <ClCompile Include="..\sakura_core\WriteManager.cpp">
      <Filter>Cpp Source Files</Filter>
    </ClCompile>
    <ClCompile Include="..\sakura_core\apiwrap\StdApi.cpp">
      <Filter>Cpp Source Files\apiwrap</Filter>
    </ClCompile>
    <ClCompile Include="..\sakura_core\apiwrap\StdControl.cpp">
      <Filter>Cpp Source Files\apiwrap</Filter>
    </ClCompile>
    <ClCompile Include="..\sakura_core\charset\Cesu8.cpp">
      <Filter>Cpp Source Files\charset</Filter>
    </ClCompile>
    <ClCompile Include="..\sakura_core\charset\CodeBase.cpp">
      <Filter>Cpp Source Files\charset</Filter>
    </ClCompile>
    <ClCompile Include="..\sakura_core\charset\CodeFactory.cpp">
      <Filter>Cpp Source Files\charset</Filter>
    </ClCompile>
    <ClCompile Include="..\sakura_core\charset\CodeMediator.cpp">
      <Filter>Cpp Source Files\charset</Filter>
    </ClCompile>
    <ClCompile Include="..\sakura_core\charset\ESI.cpp">
      <Filter>Cpp Source Files\charset</Filter>
    </ClCompile>
    <ClCompile Include="..\sakura_core\charset\Euc.cpp">
      <Filter>Cpp Source Files\charset</Filter>
    </ClCompile>
    <ClCompile Include="..\sakura_core\charset\charcode.cpp">
      <Filter>Cpp Source Files\charset</Filter>
    </ClCompile>
    <ClCompile Include="..\sakura_core\charset\charset.cpp">
      <Filter>Cpp Source Files\charset</Filter>
    </ClCompile>
    <ClCompile Include="..\sakura_core\charset\Jis.cpp">
      <Filter>Cpp Source Files\charset</Filter>
    </ClCompile>
    <ClCompile Include="..\sakura_core\charset\Latin1.cpp">
      <Filter>Cpp Source Files\charset</Filter>
    </ClCompile>
    <ClCompile Include="..\sakura_core\charset\codecheck.cpp">
      <Filter>Cpp Source Files\charset</Filter>
    </ClCompile>
    <ClCompile Include="..\sakura_core\charset\codeutil.cpp">
      <Filter>Cpp Source Files\charset</Filter>
    </ClCompile>
    <ClCompile Include="..\sakura_core\charset\ShiftJis.cpp">
      <Filter>Cpp Source Files\charset</Filter>
    </ClCompile>
    <ClCompile Include="..\sakura_core\charset\Unicode.cpp">
      <Filter>Cpp Source Files\charset</Filter>
    </ClCompile>
    <ClCompile Include="..\sakura_core\charset\UnicodeBe.cpp">
      <Filter>Cpp Source Files\charset</Filter>
    </ClCompile>
    <ClCompile Include="..\sakura_core\charset\Utf7.cpp">
      <Filter>Cpp Source Files\charset</Filter>
    </ClCompile>
    <ClCompile Include="..\sakura_core\charset\Utf8.cpp">
      <Filter>Cpp Source Files\charset</Filter>
    </ClCompile>
    <ClCompile Include="..\sakura_core\convert\Convert.cpp">
      <Filter>Cpp Source Files\convert</Filter>
    </ClCompile>
    <ClCompile Include="..\sakura_core\convert\Convert_HaneisuToZeneisu.cpp">
      <Filter>Cpp Source Files\convert</Filter>
    </ClCompile>
    <ClCompile Include="..\sakura_core\convert\Convert_HankataToZenhira.cpp">
      <Filter>Cpp Source Files\convert</Filter>
    </ClCompile>
    <ClCompile Include="..\sakura_core\convert\Convert_HankataToZenkata.cpp">
      <Filter>Cpp Source Files\convert</Filter>
    </ClCompile>
    <ClCompile Include="..\sakura_core\convert\Convert_SpaceToTab.cpp">
      <Filter>Cpp Source Files\convert</Filter>
    </ClCompile>
    <ClCompile Include="..\sakura_core\convert\Convert_TabToSpace.cpp">
      <Filter>Cpp Source Files\convert</Filter>
    </ClCompile>
    <ClCompile Include="..\sakura_core\convert\Convert_ToHankaku.cpp">
      <Filter>Cpp Source Files\convert</Filter>
    </ClCompile>
    <ClCompile Include="..\sakura_core\convert\Convert_ToLower.cpp">
      <Filter>Cpp Source Files\convert</Filter>
    </ClCompile>
    <ClCompile Include="..\sakura_core\convert\Convert_ToUpper.cpp">
      <Filter>Cpp Source Files\convert</Filter>
    </ClCompile>
    <ClCompile Include="..\sakura_core\convert\Convert_ToZenhira.cpp">
      <Filter>Cpp Source Files\convert</Filter>
    </ClCompile>
    <ClCompile Include="..\sakura_core\convert\Convert_ToZenkata.cpp">
      <Filter>Cpp Source Files\convert</Filter>
    </ClCompile>
    <ClCompile Include="..\sakura_core\convert\Convert_Trim.cpp">
      <Filter>Cpp Source Files\convert</Filter>
    </ClCompile>
    <ClCompile Include="..\sakura_core\convert\Convert_ZeneisuToHaneisu.cpp">
      <Filter>Cpp Source Files\convert</Filter>
    </ClCompile>
    <ClCompile Include="..\sakura_core\convert\Convert_ZenkataToHankata.cpp">
      <Filter>Cpp Source Files\convert</Filter>
    </ClCompile>
    <ClCompile Include="..\sakura_core\convert\Decode_Base64Decode.cpp">
      <Filter>Cpp Source Files\convert</Filter>
    </ClCompile>
    <ClCompile Include="..\sakura_core\convert\Decode_UuDecode.cpp">
      <Filter>Cpp Source Files\convert</Filter>
    </ClCompile>
    <ClCompile Include="..\sakura_core\convert\convert_util.cpp">
      <Filter>Cpp Source Files\convert</Filter>
    </ClCompile>
    <ClCompile Include="..\sakura_core\convert\convert_util2.cpp">
      <Filter>Cpp Source Files\convert</Filter>
    </ClCompile>
    <ClCompile Include="..\sakura_core\io\BinaryStream.cpp">
      <Filter>Cpp Source Files\io</Filter>
    </ClCompile>
    <ClCompile Include="..\sakura_core\io\File.cpp">
      <Filter>Cpp Source Files\io</Filter>
    </ClCompile>
    <ClCompile Include="..\sakura_core\io\FileLoad.cpp">
      <Filter>Cpp Source Files\io</Filter>
    </ClCompile>
    <ClCompile Include="..\sakura_core\io\IoBridge.cpp">
      <Filter>Cpp Source Files\io</Filter>
    </ClCompile>
    <ClCompile Include="..\sakura_core\io\Stream.cpp">
      <Filter>Cpp Source Files\io</Filter>
    </ClCompile>
    <ClCompile Include="..\sakura_core\io\TextStream.cpp">
      <Filter>Cpp Source Files\io</Filter>
    </ClCompile>
    <ClCompile Include="..\sakura_core\io\ZipFile.cpp">
      <Filter>Cpp Source Files\io</Filter>
    </ClCompile>
    <ClCompile Include="..\sakura_core\mem\Memory.cpp">
      <Filter>Cpp Source Files\mem</Filter>
    </ClCompile>
    <ClCompile Include="..\sakura_core\mem\Native.cpp">
      <Filter>Cpp Source Files\mem</Filter>
    </ClCompile>
    <ClCompile Include="..\sakura_core\mem\NativeA.cpp">
      <Filter>Cpp Source Files\mem</Filter>
    </ClCompile>
    <ClCompile Include="..\sakura_core\mem\NativeW.cpp">
      <Filter>Cpp Source Files\mem</Filter>
    </ClCompile>
    <ClCompile Include="..\sakura_core\mem\RecycledBuffer.cpp">
      <Filter>Cpp Source Files\mem</Filter>
    </ClCompile>
    <ClCompile Include="..\sakura_core\parse\WordParse.cpp">
      <Filter>Cpp Source Files\parse</Filter>
    </ClCompile>
    <ClCompile Include="..\sakura_core\env\AppNodeManager.cpp">
      <Filter>Cpp Source Files\env</Filter>
    </ClCompile>
    <ClCompile Include="..\sakura_core\env\DocTypeManager.cpp">
      <Filter>Cpp Source Files\env</Filter>
    </ClCompile>
    <ClCompile Include="..\sakura_core\env\FileNameManager.cpp">
      <Filter>Cpp Source Files\env</Filter>
    </ClCompile>
    <ClCompile Include="..\sakura_core\env\FormatManager.cpp">
      <Filter>Cpp Source Files\env</Filter>
    </ClCompile>
    <ClCompile Include="..\sakura_core\env\HelpManager.cpp">
      <Filter>Cpp Source Files\env</Filter>
    </ClCompile>
    <ClCompile Include="..\sakura_core\env\CommonSetting.cpp">
      <Filter>Cpp Source Files\env</Filter>
    </ClCompile>
    <ClCompile Include="..\sakura_core\env\SakuraEnvironment.cpp">
      <Filter>Cpp Source Files\env</Filter>
    </ClCompile>
    <ClCompile Include="..\sakura_core\env\SearchKeywordManager.cpp">
      <Filter>Cpp Source Files\env</Filter>
    </ClCompile>
    <ClCompile Include="..\sakura_core\env\ShareData.cpp">
      <Filter>Cpp Source Files\env</Filter>
    </ClCompile>
    <ClCompile Include="..\sakura_core\env\ShareData_IO.cpp">
      <Filter>Cpp Source Files\env</Filter>
    </ClCompile>
    <ClCompile Include="..\sakura_core\env\TagJumpManager.cpp">
      <Filter>Cpp Source Files\env</Filter>
    </ClCompile>
    <ClCompile Include="..\sakura_core\env\DLLSHAREDATA.cpp">
      <Filter>Cpp Source Files\env</Filter>
    </ClCompile>
    <ClCompile Include="..\sakura_core\util\fileUtil.cpp">
      <Filter>Cpp Source Files\util</Filter>
    </ClCompile>
    <ClCompile Include="..\sakura_core\util\format.cpp">
      <Filter>Cpp Source Files\util</Filter>
    </ClCompile>
    <ClCompile Include="..\sakura_core\util\input.cpp">
      <Filter>Cpp Source Files\util</Filter>
    </ClCompile>
    <ClCompile Include="..\sakura_core\util\MessageBoxF.cpp">
      <Filter>Cpp Source Files\util</Filter>
    </ClCompile>
    <ClCompile Include="..\sakura_core\util\module.cpp">
      <Filter>Cpp Source Files\util</Filter>
    </ClCompile>
    <ClCompile Include="..\sakura_core\util\ole_convert.cpp">
      <Filter>Cpp Source Files\util</Filter>
    </ClCompile>
    <ClCompile Include="..\sakura_core\util\os.cpp">
      <Filter>Cpp Source Files\util</Filter>
    </ClCompile>
    <ClCompile Include="..\sakura_core\util\other_util.cpp">
      <Filter>Cpp Source Files\util</Filter>
    </ClCompile>
    <ClCompile Include="..\sakura_core\util\relation_tool.cpp">
      <Filter>Cpp Source Files\util</Filter>
    </ClCompile>
    <ClCompile Include="..\sakura_core\util\shell.cpp">
      <Filter>Cpp Source Files\util</Filter>
    </ClCompile>
    <ClCompile Include="..\sakura_core\util\string_ex.cpp">
      <Filter>Cpp Source Files\util</Filter>
    </ClCompile>
    <ClCompile Include="..\sakura_core\util\string_ex2.cpp">
      <Filter>Cpp Source Files\util</Filter>
    </ClCompile>
    <ClCompile Include="..\sakura_core\util\tchar_convert.cpp">
      <Filter>Cpp Source Files\util</Filter>
    </ClCompile>
    <ClCompile Include="..\sakura_core\util\tchar_printf.cpp">
      <Filter>Cpp Source Files\util</Filter>
    </ClCompile>
    <ClCompile Include="..\sakura_core\util\tchar_receive.cpp">
      <Filter>Cpp Source Files\util</Filter>
    </ClCompile>
    <ClCompile Include="..\sakura_core\util\tchar_template.cpp">
      <Filter>Cpp Source Files\util</Filter>
    </ClCompile>
    <ClCompile Include="..\sakura_core\util\window.cpp">
      <Filter>Cpp Source Files\util</Filter>
    </ClCompile>
    <ClCompile Include="..\sakura_core\basis\LaxInteger.cpp">
      <Filter>Cpp Source Files\basis</Filter>
    </ClCompile>
    <ClCompile Include="..\sakura_core\basis\MyPoint.cpp">
      <Filter>Cpp Source Files\basis</Filter>
    </ClCompile>
    <ClCompile Include="..\sakura_core\basis\MyRect.cpp">
      <Filter>Cpp Source Files\basis</Filter>
    </ClCompile>
    <ClCompile Include="..\sakura_core\basis\MySize.cpp">
      <Filter>Cpp Source Files\basis</Filter>
    </ClCompile>
    <ClCompile Include="..\sakura_core\basis\MyString.cpp">
      <Filter>Cpp Source Files\basis</Filter>
    </ClCompile>
    <ClCompile Include="..\sakura_core\basis\StrictInteger.cpp">
      <Filter>Cpp Source Files\basis</Filter>
    </ClCompile>
    <ClCompile Include="..\sakura_core\basis\StrictPoint.cpp">
      <Filter>Cpp Source Files\basis</Filter>
    </ClCompile>
    <ClCompile Include="..\sakura_core\basis\StrictRange.cpp">
      <Filter>Cpp Source Files\basis</Filter>
    </ClCompile>
    <ClCompile Include="..\sakura_core\basis\StrictRect.cpp">
      <Filter>Cpp Source Files\basis</Filter>
    </ClCompile>
    <ClCompile Include="..\sakura_core\basis\SakuraBasis.cpp">
      <Filter>Cpp Source Files\basis</Filter>
    </ClCompile>
    <ClCompile Include="..\sakura_core\typeprop\DlgKeywordSelect.cpp">
      <Filter>Cpp Source Files\typeprop</Filter>
    </ClCompile>
    <ClCompile Include="..\sakura_core\typeprop\DlgSameColor.cpp">
      <Filter>Cpp Source Files\typeprop</Filter>
    </ClCompile>
    <ClCompile Include="..\sakura_core\typeprop\DlgTypeAscertain.cpp">
      <Filter>Cpp Source Files\typeprop</Filter>
    </ClCompile>
    <ClCompile Include="..\sakura_core\typeprop\DlgTypeList.cpp">
      <Filter>Cpp Source Files\typeprop</Filter>
    </ClCompile>
    <ClCompile Include="..\sakura_core\typeprop\ImpExpManager.cpp">
      <Filter>Cpp Source Files\typeprop</Filter>
    </ClCompile>
    <ClCompile Include="..\sakura_core\typeprop\PropTypes.cpp">
      <Filter>Cpp Source Files\typeprop</Filter>
    </ClCompile>
    <ClCompile Include="..\sakura_core\typeprop\PropTypesColor.cpp">
      <Filter>Cpp Source Files\typeprop</Filter>
    </ClCompile>
    <ClCompile Include="..\sakura_core\typeprop\PropTypesKeyHelp.cpp">
      <Filter>Cpp Source Files\typeprop</Filter>
    </ClCompile>
    <ClCompile Include="..\sakura_core\typeprop\PropTypesRegex.cpp">
      <Filter>Cpp Source Files\typeprop</Filter>
    </ClCompile>
    <ClCompile Include="..\sakura_core\typeprop\PropTypesScreen.cpp">
      <Filter>Cpp Source Files\typeprop</Filter>
    </ClCompile>
    <ClCompile Include="..\sakura_core\typeprop\PropTypesSupport.cpp">
      <Filter>Cpp Source Files\typeprop</Filter>
    </ClCompile>
    <ClCompile Include="..\sakura_core\typeprop\PropTypesWindow.cpp">
      <Filter>Cpp Source Files\typeprop</Filter>
    </ClCompile>
    <ClCompile Include="..\sakura_core\types\Type.cpp">
      <Filter>Cpp Source Files\types</Filter>
    </ClCompile>
    <ClCompile Include="..\sakura_core\types\Type_Asm.cpp">
      <Filter>Cpp Source Files\types</Filter>
    </ClCompile>
    <ClCompile Include="..\sakura_core\types\Type_Awk.cpp">
      <Filter>Cpp Source Files\types</Filter>
    </ClCompile>
    <ClCompile Include="..\sakura_core\types\Type_Basis.cpp">
      <Filter>Cpp Source Files\types</Filter>
    </ClCompile>
    <ClCompile Include="..\sakura_core\types\Type_Cobol.cpp">
      <Filter>Cpp Source Files\types</Filter>
    </ClCompile>
    <ClCompile Include="..\sakura_core\types\Type_CorbaIdl.cpp">
      <Filter>Cpp Source Files\types</Filter>
    </ClCompile>
    <ClCompile Include="..\sakura_core\types\Type_Cpp.cpp">
      <Filter>Cpp Source Files\types</Filter>
    </ClCompile>
    <ClCompile Include="..\sakura_core\types\Type_Dos.cpp">
      <Filter>Cpp Source Files\types</Filter>
    </ClCompile>
    <ClCompile Include="..\sakura_core\types\Type_Erlang.cpp">
      <Filter>Cpp Source Files\types</Filter>
    </ClCompile>
    <ClCompile Include="..\sakura_core\types\Type_Html.cpp">
      <Filter>Cpp Source Files\types</Filter>
    </ClCompile>
    <ClCompile Include="..\sakura_core\types\Type_Ini.cpp">
      <Filter>Cpp Source Files\types</Filter>
    </ClCompile>
    <ClCompile Include="..\sakura_core\types\Type_Java.cpp">
      <Filter>Cpp Source Files\types</Filter>
    </ClCompile>
    <ClCompile Include="..\sakura_core\types\Type_Others.cpp">
      <Filter>Cpp Source Files\types</Filter>
    </ClCompile>
    <ClCompile Include="..\sakura_core\types\Type_Pascal.cpp">
      <Filter>Cpp Source Files\types</Filter>
    </ClCompile>
    <ClCompile Include="..\sakura_core\types\Type_Perl.cpp">
      <Filter>Cpp Source Files\types</Filter>
    </ClCompile>
    <ClCompile Include="..\sakura_core\types\Type_Python.cpp">
      <Filter>Cpp Source Files\types</Filter>
    </ClCompile>
    <ClCompile Include="..\sakura_core\types\Type_Rich.cpp">
      <Filter>Cpp Source Files\types</Filter>
    </ClCompile>
    <ClCompile Include="..\sakura_core\types\Type_Sql.cpp">
      <Filter>Cpp Source Files\types</Filter>
    </ClCompile>
    <ClCompile Include="..\sakura_core\types\Type_Tex.cpp">
      <Filter>Cpp Source Files\types</Filter>
    </ClCompile>
    <ClCompile Include="..\sakura_core\types\Type_Text.cpp">
      <Filter>Cpp Source Files\types</Filter>
    </ClCompile>
    <ClCompile Include="..\sakura_core\types\Type_Vb.cpp">
      <Filter>Cpp Source Files\types</Filter>
    </ClCompile>
    <ClCompile Include="..\sakura_core\types\TypeSupport.cpp">
      <Filter>Cpp Source Files\types</Filter>
    </ClCompile>
    <ClCompile Include="..\sakura_core\view\Caret.cpp">
      <Filter>Cpp Source Files\view</Filter>
    </ClCompile>
    <ClCompile Include="..\sakura_core\view\EditView.cpp">
      <Filter>Cpp Source Files\view</Filter>
    </ClCompile>
    <ClCompile Include="..\sakura_core\view\EditView_Cmdgrep.cpp">
      <Filter>Cpp Source Files\view</Filter>
    </ClCompile>
    <ClCompile Include="..\sakura_core\view\EditView_CmdHokan.cpp">
      <Filter>Cpp Source Files\view</Filter>
    </ClCompile>
    <ClCompile Include="..\sakura_core\view\EditView_Cmdisrch.cpp">
      <Filter>Cpp Source Files\view</Filter>
    </ClCompile>
    <ClCompile Include="..\sakura_core\view\EditView_Command.cpp">
      <Filter>Cpp Source Files\view</Filter>
    </ClCompile>
    <ClCompile Include="..\sakura_core\view\EditView_Command_New.cpp">
      <Filter>Cpp Source Files\view</Filter>
    </ClCompile>
    <ClCompile Include="..\sakura_core\view\EditView_Diff.cpp">
      <Filter>Cpp Source Files\view</Filter>
    </ClCompile>
    <ClCompile Include="..\sakura_core\view\EditView_ExecCmd.cpp">
      <Filter>Cpp Source Files\view</Filter>
    </ClCompile>
    <ClCompile Include="..\sakura_core\view\EditView_Ime.cpp">
      <Filter>Cpp Source Files\view</Filter>
    </ClCompile>
    <ClCompile Include="..\sakura_core\view\EditView_Mouse.cpp">
      <Filter>Cpp Source Files\view</Filter>
    </ClCompile>
    <ClCompile Include="..\sakura_core\view\EditView_Paint.cpp">
      <Filter>Cpp Source Files\view</Filter>
    </ClCompile>
    <ClCompile Include="..\sakura_core\view\EditView_Paint_Bracket.cpp">
      <Filter>Cpp Source Files\view</Filter>
    </ClCompile>
    <ClCompile Include="..\sakura_core\view\EditView_Scroll.cpp">
      <Filter>Cpp Source Files\view</Filter>
    </ClCompile>
    <ClCompile Include="..\sakura_core\view\EditView_Search.cpp">
      <Filter>Cpp Source Files\view</Filter>
    </ClCompile>
    <ClCompile Include="..\sakura_core\view\Ruler.cpp">
      <Filter>Cpp Source Files\view</Filter>
    </ClCompile>
    <ClCompile Include="..\sakura_core\view\TextArea.cpp">
      <Filter>Cpp Source Files\view</Filter>
    </ClCompile>
    <ClCompile Include="..\sakura_core\view\TextDrawer.cpp">
      <Filter>Cpp Source Files\view</Filter>
    </ClCompile>
    <ClCompile Include="..\sakura_core\view\TextMetrics.cpp">
      <Filter>Cpp Source Files\view</Filter>
    </ClCompile>
    <ClCompile Include="..\sakura_core\view\ViewCalc.cpp">
      <Filter>Cpp Source Files\view</Filter>
    </ClCompile>
    <ClCompile Include="..\sakura_core\view\ViewFont.cpp">
      <Filter>Cpp Source Files\view</Filter>
    </ClCompile>
    <ClCompile Include="..\sakura_core\view\ViewParser.cpp">
      <Filter>Cpp Source Files\view</Filter>
    </ClCompile>
    <ClCompile Include="..\sakura_core\view\ViewSelect.cpp">
      <Filter>Cpp Source Files\view</Filter>
    </ClCompile>
    <ClCompile Include="..\sakura_core\view\DispPos.cpp">
      <Filter>Cpp Source Files\view</Filter>
    </ClCompile>
    <ClCompile Include="..\sakura_core\view\colors\Color_Comment.cpp">
      <Filter>Cpp Source Files\view\colors</Filter>
    </ClCompile>
    <ClCompile Include="..\sakura_core\view\colors\Color_Found.cpp">
      <Filter>Cpp Source Files\view\colors</Filter>
    </ClCompile>
    <ClCompile Include="..\sakura_core\view\colors\Color_Heredoc.cpp">
      <Filter>Cpp Source Files\view\colors</Filter>
    </ClCompile>
    <ClCompile Include="..\sakura_core\view\colors\Color_KeywordSet.cpp">
      <Filter>Cpp Source Files\view\colors</Filter>
    </ClCompile>
    <ClCompile Include="..\sakura_core\view\colors\Color_Numeric.cpp">
      <Filter>Cpp Source Files\view\colors</Filter>
    </ClCompile>
    <ClCompile Include="..\sakura_core\view\colors\Color_Quote.cpp">
      <Filter>Cpp Source Files\view\colors</Filter>
    </ClCompile>
    <ClCompile Include="..\sakura_core\view\colors\Color_RegexKeyword.cpp">
      <Filter>Cpp Source Files\view\colors</Filter>
    </ClCompile>
    <ClCompile Include="..\sakura_core\view\colors\Color_Url.cpp">
      <Filter>Cpp Source Files\view\colors</Filter>
    </ClCompile>
    <ClCompile Include="..\sakura_core\view\colors\ColorStrategy.cpp">
      <Filter>Cpp Source Files\view\colors</Filter>
    </ClCompile>
    <ClCompile Include="..\sakura_core\view\figures\Figure_CtrlCode.cpp">
      <Filter>Cpp Source Files\view\figures</Filter>
    </ClCompile>
    <ClCompile Include="..\sakura_core\view\figures\Figure_Eol.cpp">
      <Filter>Cpp Source Files\view\figures</Filter>
    </ClCompile>
    <ClCompile Include="..\sakura_core\view\figures\Figure_HanSpace.cpp">
      <Filter>Cpp Source Files\view\figures</Filter>
    </ClCompile>
    <ClCompile Include="..\sakura_core\view\figures\Figure_Tab.cpp">
      <Filter>Cpp Source Files\view\figures</Filter>
    </ClCompile>
    <ClCompile Include="..\sakura_core\view\figures\Figure_ZenSpace.cpp">
      <Filter>Cpp Source Files\view\figures</Filter>
    </ClCompile>
    <ClCompile Include="..\sakura_core\view\figures\FigureManager.cpp">
      <Filter>Cpp Source Files\view\figures</Filter>
    </ClCompile>
    <ClCompile Include="..\sakura_core\view\figures\FigureStrategy.cpp">
      <Filter>Cpp Source Files\view\figures</Filter>
    </ClCompile>
    <ClCompile Include="..\sakura_core\prop\PropComBackup.cpp">
      <Filter>Cpp Source Files\prop</Filter>
    </ClCompile>
    <ClCompile Include="..\sakura_core\prop\PropComCustmenu.cpp">
      <Filter>Cpp Source Files\prop</Filter>
    </ClCompile>
    <ClCompile Include="..\sakura_core\prop\PropComEdit.cpp">
      <Filter>Cpp Source Files\prop</Filter>
    </ClCompile>
    <ClCompile Include="..\sakura_core\prop\PropComFile.cpp">
      <Filter>Cpp Source Files\prop</Filter>
    </ClCompile>
    <ClCompile Include="..\sakura_core\prop\PropComFileName.cpp">
      <Filter>Cpp Source Files\prop</Filter>
    </ClCompile>
    <ClCompile Include="..\sakura_core\prop\PropComFormat.cpp">
      <Filter>Cpp Source Files\prop</Filter>
    </ClCompile>
    <ClCompile Include="..\sakura_core\prop\PropComGeneral.cpp">
      <Filter>Cpp Source Files\prop</Filter>
    </ClCompile>
    <ClCompile Include="..\sakura_core\prop\PropComGrep.cpp">
      <Filter>Cpp Source Files\prop</Filter>
    </ClCompile>
    <ClCompile Include="..\sakura_core\prop\PropComHelper.cpp">
      <Filter>Cpp Source Files\prop</Filter>
    </ClCompile>
    <ClCompile Include="..\sakura_core\prop\PropComKeybind.cpp">
      <Filter>Cpp Source Files\prop</Filter>
    </ClCompile>
    <ClCompile Include="..\sakura_core\prop\PropComKeyword.cpp">
      <Filter>Cpp Source Files\prop</Filter>
    </ClCompile>
    <ClCompile Include="..\sakura_core\prop\PropComMacro.cpp">
      <Filter>Cpp Source Files\prop</Filter>
    </ClCompile>
    <ClCompile Include="..\sakura_core\prop\PropComMainMenu.cpp">
      <Filter>Cpp Source Files\prop</Filter>
    </ClCompile>
    <ClCompile Include="..\sakura_core\prop\PropCommon.cpp">
      <Filter>Cpp Source Files\prop</Filter>
    </ClCompile>
    <ClCompile Include="..\sakura_core\prop\PropComPlugin.cpp">
      <Filter>Cpp Source Files\prop</Filter>
    </ClCompile>
    <ClCompile Include="..\sakura_core\prop\PropComStatusbar.cpp">
      <Filter>Cpp Source Files\prop</Filter>
    </ClCompile>
    <ClCompile Include="..\sakura_core\prop\PropComTab.cpp">
      <Filter>Cpp Source Files\prop</Filter>
    </ClCompile>
    <ClCompile Include="..\sakura_core\prop\PropComToolbar.cpp">
      <Filter>Cpp Source Files\prop</Filter>
    </ClCompile>
    <ClCompile Include="..\sakura_core\prop\PropComWin.cpp">
      <Filter>Cpp Source Files\prop</Filter>
    </ClCompile>
    <ClCompile Include="..\sakura_core\recent\MRUFile.cpp">
      <Filter>Cpp Source Files\recent</Filter>
    </ClCompile>
    <ClCompile Include="..\sakura_core\recent\MRUFolder.cpp">
      <Filter>Cpp Source Files\recent</Filter>
    </ClCompile>
    <ClCompile Include="..\sakura_core\recent\MruListener.cpp">
      <Filter>Cpp Source Files\recent</Filter>
    </ClCompile>
    <ClCompile Include="..\sakura_core\recent\Recent.cpp">
      <Filter>Cpp Source Files\recent</Filter>
    </ClCompile>
    <ClCompile Include="..\sakura_core\recent\RecentCmd.cpp">
      <Filter>Cpp Source Files\recent</Filter>
    </ClCompile>
    <ClCompile Include="..\sakura_core\recent\RecentCurDir.cpp">
      <Filter>Cpp Source Files\recent</Filter>
    </ClCompile>
    <ClCompile Include="..\sakura_core\recent\RecentEditNode.cpp">
      <Filter>Cpp Source Files\recent</Filter>
    </ClCompile>
    <ClCompile Include="..\sakura_core\recent\RecentExceptMru.cpp">
      <Filter>Cpp Source Files\recent</Filter>
    </ClCompile>
    <ClCompile Include="..\sakura_core\recent\RecentFile.cpp">
      <Filter>Cpp Source Files\recent</Filter>
    </ClCompile>
    <ClCompile Include="..\sakura_core\recent\RecentFolder.cpp">
      <Filter>Cpp Source Files\recent</Filter>
    </ClCompile>
    <ClCompile Include="..\sakura_core\recent\RecentGrepFile.cpp">
      <Filter>Cpp Source Files\recent</Filter>
    </ClCompile>
    <ClCompile Include="..\sakura_core\recent\RecentGrepFolder.cpp">
      <Filter>Cpp Source Files\recent</Filter>
    </ClCompile>
    <ClCompile Include="..\sakura_core\recent\RecentImp.cpp">
      <Filter>Cpp Source Files\recent</Filter>
    </ClCompile>
    <ClCompile Include="..\sakura_core\recent\RecentReplace.cpp">
      <Filter>Cpp Source Files\recent</Filter>
    </ClCompile>
    <ClCompile Include="..\sakura_core\recent\RecentSearch.cpp">
      <Filter>Cpp Source Files\recent</Filter>
    </ClCompile>
    <ClCompile Include="..\sakura_core\recent\RecentTagjumpKeyword.cpp">
      <Filter>Cpp Source Files\recent</Filter>
    </ClCompile>
    <ClCompile Include="..\sakura_core\doc\BlockComment.cpp">
      <Filter>Cpp Source Files\doc</Filter>
    </ClCompile>
    <ClCompile Include="..\sakura_core\doc\DocEditor.cpp">
      <Filter>Cpp Source Files\doc</Filter>
    </ClCompile>
    <ClCompile Include="..\sakura_core\doc\DocFile.cpp">
      <Filter>Cpp Source Files\doc</Filter>
    </ClCompile>
    <ClCompile Include="..\sakura_core\doc\DocFileOperation.cpp">
      <Filter>Cpp Source Files\doc</Filter>
    </ClCompile>
    <ClCompile Include="..\sakura_core\doc\DocListener.cpp">
      <Filter>Cpp Source Files\doc</Filter>
    </ClCompile>
    <ClCompile Include="..\sakura_core\doc\DocLocker.cpp">
      <Filter>Cpp Source Files\doc</Filter>
    </ClCompile>
    <ClCompile Include="..\sakura_core\doc\DocOutline.cpp">
      <Filter>Cpp Source Files\doc</Filter>
    </ClCompile>
    <ClCompile Include="..\sakura_core\doc\DocReader.cpp">
      <Filter>Cpp Source Files\doc</Filter>
    </ClCompile>
    <ClCompile Include="..\sakura_core\doc\DocType.cpp">
      <Filter>Cpp Source Files\doc</Filter>
    </ClCompile>
    <ClCompile Include="..\sakura_core\doc\DocTypeSetting.cpp">
      <Filter>Cpp Source Files\doc</Filter>
    </ClCompile>
    <ClCompile Include="..\sakura_core\doc\DocVisitor.cpp">
      <Filter>Cpp Source Files\doc</Filter>
    </ClCompile>
    <ClCompile Include="..\sakura_core\doc\EditDoc.cpp">
      <Filter>Cpp Source Files\doc</Filter>
    </ClCompile>
    <ClCompile Include="..\sakura_core\doc\LineComment.cpp">
      <Filter>Cpp Source Files\doc</Filter>
    </ClCompile>
    <ClCompile Include="..\sakura_core\doc\layout\Layout.cpp">
      <Filter>Cpp Source Files\doc\layout</Filter>
    </ClCompile>
    <ClCompile Include="..\sakura_core\doc\layout\LayoutMgr.cpp">
      <Filter>Cpp Source Files\doc\layout</Filter>
    </ClCompile>
    <ClCompile Include="..\sakura_core\doc\layout\LayoutMgr_DoLayout.cpp">
      <Filter>Cpp Source Files\doc\layout</Filter>
    </ClCompile>
    <ClCompile Include="..\sakura_core\doc\layout\LayoutMgr_New.cpp">
      <Filter>Cpp Source Files\doc\layout</Filter>
    </ClCompile>
    <ClCompile Include="..\sakura_core\doc\layout\LayoutMgr_New2.cpp">
      <Filter>Cpp Source Files\doc\layout</Filter>
    </ClCompile>
    <ClCompile Include="..\sakura_core\doc\logic\DocLine.cpp">
      <Filter>Cpp Source Files\doc\logic</Filter>
    </ClCompile>
    <ClCompile Include="..\sakura_core\doc\logic\DocLineMgr.cpp">
      <Filter>Cpp Source Files\doc\logic</Filter>
    </ClCompile>
    <ClCompile Include="..\sakura_core\macro\CookieManager.cpp">
      <Filter>Cpp Source Files\macro</Filter>
    </ClCompile>
    <ClCompile Include="..\sakura_core\macro\EditorIfObj.cpp">
      <Filter>Cpp Source Files\macro</Filter>
    </ClCompile>
    <ClCompile Include="..\sakura_core\macro\IfObj.cpp">
      <Filter>Cpp Source Files\macro</Filter>
    </ClCompile>
    <ClCompile Include="..\sakura_core\macro\KeyMacroMgr.cpp">
      <Filter>Cpp Source Files\macro</Filter>
    </ClCompile>
    <ClCompile Include="..\sakura_core\macro\Macro.cpp">
      <Filter>Cpp Source Files\macro</Filter>
    </ClCompile>
    <ClCompile Include="..\sakura_core\macro\MacroFactory.cpp">
      <Filter>Cpp Source Files\macro</Filter>
    </ClCompile>
    <ClCompile Include="..\sakura_core\macro\MacroManagerBase.cpp">
      <Filter>Cpp Source Files\macro</Filter>
    </ClCompile>
    <ClCompile Include="..\sakura_core\macro\PPA.cpp">
      <Filter>Cpp Source Files\macro</Filter>
    </ClCompile>
    <ClCompile Include="..\sakura_core\macro\PPAMacroMgr.cpp">
      <Filter>Cpp Source Files\macro</Filter>
    </ClCompile>
    <ClCompile Include="..\sakura_core\macro\SMacroMgr.cpp">
      <Filter>Cpp Source Files\macro</Filter>
    </ClCompile>
    <ClCompile Include="..\sakura_core\macro\WSH.cpp">
      <Filter>Cpp Source Files\macro</Filter>
    </ClCompile>
    <ClCompile Include="..\sakura_core\macro\WSHIfObj.cpp">
      <Filter>Cpp Source Files\macro</Filter>
    </ClCompile>
    <ClCompile Include="..\sakura_core\macro\WSHManager.cpp">
      <Filter>Cpp Source Files\macro</Filter>
    </ClCompile>
    <ClCompile Include="..\sakura_core\dlg\Dialog.cpp">
      <Filter>Cpp Source Files\dlg</Filter>
    </ClCompile>
    <ClCompile Include="..\sakura_core\dlg\DlgAbout.cpp">
      <Filter>Cpp Source Files\dlg</Filter>
    </ClCompile>
    <ClCompile Include="..\sakura_core\dlg\DlgCancel.cpp">
      <Filter>Cpp Source Files\dlg</Filter>
    </ClCompile>
    <ClCompile Include="..\sakura_core\dlg\DlgCompare.cpp">
      <Filter>Cpp Source Files\dlg</Filter>
    </ClCompile>
    <ClCompile Include="..\sakura_core\dlg\DlgCtrlCode.cpp">
      <Filter>Cpp Source Files\dlg</Filter>
    </ClCompile>
    <ClCompile Include="..\sakura_core\dlg\DlgDiff.cpp">
      <Filter>Cpp Source Files\dlg</Filter>
    </ClCompile>
    <ClCompile Include="..\sakura_core\dlg\DlgExec.cpp">
      <Filter>Cpp Source Files\dlg</Filter>
    </ClCompile>
    <ClCompile Include="..\sakura_core\dlg\DlgFavorite.cpp">
      <Filter>Cpp Source Files\dlg</Filter>
    </ClCompile>
    <ClCompile Include="..\sakura_core\dlg\DlgFileUpdateQuery.cpp">
      <Filter>Cpp Source Files\dlg</Filter>
    </ClCompile>
    <ClCompile Include="..\sakura_core\dlg\DlgFind.cpp">
      <Filter>Cpp Source Files\dlg</Filter>
    </ClCompile>
    <ClCompile Include="..\sakura_core\dlg\DlgGrep.cpp">
      <Filter>Cpp Source Files\dlg</Filter>
    </ClCompile>
    <ClCompile Include="..\sakura_core\dlg\DlgInput1.cpp">
      <Filter>Cpp Source Files\dlg</Filter>
    </ClCompile>
    <ClCompile Include="..\sakura_core\dlg\DlgJump.cpp">
      <Filter>Cpp Source Files\dlg</Filter>
    </ClCompile>
    <ClCompile Include="..\sakura_core\dlg\DlgOpenFile.cpp">
      <Filter>Cpp Source Files\dlg</Filter>
    </ClCompile>
    <ClCompile Include="..\sakura_core\dlg\DlgPluginOption.cpp">
      <Filter>Cpp Source Files\dlg</Filter>
    </ClCompile>
    <ClCompile Include="..\sakura_core\dlg\DlgPrintSetting.cpp">
      <Filter>Cpp Source Files\dlg</Filter>
    </ClCompile>
    <ClCompile Include="..\sakura_core\dlg\DlgProperty.cpp">
      <Filter>Cpp Source Files\dlg</Filter>
    </ClCompile>
    <ClCompile Include="..\sakura_core\dlg\DlgReplace.cpp">
      <Filter>Cpp Source Files\dlg</Filter>
    </ClCompile>
    <ClCompile Include="..\sakura_core\dlg\DlgSetCharSet.cpp">
      <Filter>Cpp Source Files\dlg</Filter>
    </ClCompile>
    <ClCompile Include="..\sakura_core\dlg\DlgTagJumpList.cpp">
      <Filter>Cpp Source Files\dlg</Filter>
    </ClCompile>
    <ClCompile Include="..\sakura_core\dlg\DlgTagsMake.cpp">
      <Filter>Cpp Source Files\dlg</Filter>
    </ClCompile>
    <ClCompile Include="..\sakura_core\dlg\DlgWinSize.cpp">
      <Filter>Cpp Source Files\dlg</Filter>
    </ClCompile>
    <ClCompile Include="..\sakura_core\window\AutoScrollWnd.cpp">
      <Filter>Cpp Source Files\window</Filter>
    </ClCompile>
    <ClCompile Include="..\sakura_core\window\EditWnd.cpp">
      <Filter>Cpp Source Files\window</Filter>
    </ClCompile>
    <ClCompile Include="..\sakura_core\window\MainStatusBar.cpp">
      <Filter>Cpp Source Files\window</Filter>
    </ClCompile>
    <ClCompile Include="..\sakura_core\window\MainToolBar.cpp">
      <Filter>Cpp Source Files\window</Filter>
    </ClCompile>
    <ClCompile Include="..\sakura_core\window\SplitBoxWnd.cpp">
      <Filter>Cpp Source Files\window</Filter>
    </ClCompile>
    <ClCompile Include="..\sakura_core\window\SplitterWnd.cpp">
      <Filter>Cpp Source Files\window</Filter>
    </ClCompile>
    <ClCompile Include="..\sakura_core\window\TabWnd.cpp">
      <Filter>Cpp Source Files\window</Filter>
    </ClCompile>
    <ClCompile Include="..\sakura_core\window\TipWnd.cpp">
      <Filter>Cpp Source Files\window</Filter>
    </ClCompile>
    <ClCompile Include="..\sakura_core\window\Wnd.cpp">
      <Filter>Cpp Source Files\window</Filter>
    </ClCompile>
    <ClCompile Include="..\sakura_core\docplus\BookmarkManager.cpp">
      <Filter>Cpp Source Files\docplus</Filter>
    </ClCompile>
    <ClCompile Include="..\sakura_core\docplus\DiffManager.cpp">
      <Filter>Cpp Source Files\docplus</Filter>
    </ClCompile>
    <ClCompile Include="..\sakura_core\docplus\ModifyManager.cpp">
      <Filter>Cpp Source Files\docplus</Filter>
    </ClCompile>
    <ClCompile Include="..\sakura_core\debug\RunningTimer.cpp">
      <Filter>Cpp Source Files\debug</Filter>
    </ClCompile>
    <ClCompile Include="..\sakura_core\debug\Debug1.cpp">
      <Filter>Cpp Source Files\debug</Filter>
    </ClCompile>
    <ClCompile Include="..\sakura_core\debug\Debug2.cpp">
      <Filter>Cpp Source Files\debug</Filter>
    </ClCompile>
    <ClCompile Include="..\sakura_core\debug\Debug3.cpp">
      <Filter>Cpp Source Files\debug</Filter>
    </ClCompile>
    <ClCompile Include="..\sakura_core\_main\AppMode.cpp">
      <Filter>Cpp Source Files\_main</Filter>
    </ClCompile>
    <ClCompile Include="..\sakura_core\_main\CommandLine.cpp">
      <Filter>Cpp Source Files\_main</Filter>
    </ClCompile>
    <ClCompile Include="..\sakura_core\_main\ControlProcess.cpp">
      <Filter>Cpp Source Files\_main</Filter>
    </ClCompile>
    <ClCompile Include="..\sakura_core\_main\ControlTray.cpp">
      <Filter>Cpp Source Files\_main</Filter>
    </ClCompile>
    <ClCompile Include="..\sakura_core\_main\NormalProcess.cpp">
      <Filter>Cpp Source Files\_main</Filter>
    </ClCompile>
    <ClCompile Include="..\sakura_core\_main\Process.cpp">
      <Filter>Cpp Source Files\_main</Filter>
    </ClCompile>
    <ClCompile Include="..\sakura_core\_main\ProcessFactory.cpp">
      <Filter>Cpp Source Files\_main</Filter>
    </ClCompile>
    <ClCompile Include="..\sakura_core\_main\global.cpp">
      <Filter>Cpp Source Files\_main</Filter>
    </ClCompile>
    <ClCompile Include="..\sakura_core\_main\WinMain.cpp">
      <Filter>Cpp Source Files\_main</Filter>
    </ClCompile>
    <ClCompile Include="..\sakura_core\_os\Clipboard.cpp">
      <Filter>Cpp Source Files\_os</Filter>
    </ClCompile>
    <ClCompile Include="..\sakura_core\_os\DropTarget.cpp">
      <Filter>Cpp Source Files\_os</Filter>
    </ClCompile>
    <ClCompile Include="..\sakura_core\_os\OsVersionInfo.cpp">
      <Filter>Cpp Source Files\_os</Filter>
    </ClCompile>
    <ClCompile Include="..\sakura_core\outline\DlgFuncList.cpp">
      <Filter>Cpp Source Files\outline</Filter>
    </ClCompile>
    <ClCompile Include="..\sakura_core\outline\FuncInfo.cpp">
      <Filter>Cpp Source Files\outline</Filter>
    </ClCompile>
    <ClCompile Include="..\sakura_core\outline\FuncInfoArr.cpp">
      <Filter>Cpp Source Files\outline</Filter>
    </ClCompile>
    <ClCompile Include="..\sakura_core\func\FuncKeyWnd.cpp">
      <Filter>Cpp Source Files\func</Filter>
    </ClCompile>
    <ClCompile Include="..\sakura_core\func\FuncLookup.cpp">
      <Filter>Cpp Source Files\func</Filter>
    </ClCompile>
    <ClCompile Include="..\sakura_core\func\KeyBind.cpp">
      <Filter>Cpp Source Files\func</Filter>
    </ClCompile>
    <ClCompile Include="..\sakura_core\func\Funccode.cpp">
      <Filter>Cpp Source Files\func</Filter>
    </ClCompile>
    <ClCompile Include="..\sakura_core\plugin\DllPlugin.cpp">
      <Filter>Cpp Source Files\plugin</Filter>
    </ClCompile>
    <ClCompile Include="..\sakura_core\plugin\JackManager.cpp">
      <Filter>Cpp Source Files\plugin</Filter>
    </ClCompile>
    <ClCompile Include="..\sakura_core\plugin\Plugin.cpp">
      <Filter>Cpp Source Files\plugin</Filter>
    </ClCompile>
    <ClCompile Include="..\sakura_core\plugin\PluginManager.cpp">
      <Filter>Cpp Source Files\plugin</Filter>
    </ClCompile>
    <ClCompile Include="..\sakura_core\plugin\WSHPlugin.cpp">
      <Filter>Cpp Source Files\plugin</Filter>
    </ClCompile>
    <ClCompile Include="..\sakura_core\mfclike\MyWnd.cpp">
      <Filter>Cpp Source Files\mfclike</Filter>
    </ClCompile>
    <ClCompile Include="..\sakura_core\cmd\ViewCommander.cpp">
      <Filter>Cpp Source Files\cmd</Filter>
    </ClCompile>
    <ClCompile Include="..\sakura_core\cmd\ViewCommander_Bookmark.cpp">
      <Filter>Cpp Source Files\cmd</Filter>
    </ClCompile>
    <ClCompile Include="..\sakura_core\cmd\ViewCommander_Clipboard.cpp">
      <Filter>Cpp Source Files\cmd</Filter>
    </ClCompile>
    <ClCompile Include="..\sakura_core\cmd\ViewCommander_Convert.cpp">
      <Filter>Cpp Source Files\cmd</Filter>
    </ClCompile>
    <ClCompile Include="..\sakura_core\cmd\ViewCommander_Cursor.cpp">
      <Filter>Cpp Source Files\cmd</Filter>
    </ClCompile>
    <ClCompile Include="..\sakura_core\cmd\ViewCommander_CustMenu.cpp">
      <Filter>Cpp Source Files\cmd</Filter>
    </ClCompile>
    <ClCompile Include="..\sakura_core\cmd\ViewCommander_Diff.cpp">
      <Filter>Cpp Source Files\cmd</Filter>
    </ClCompile>
    <ClCompile Include="..\sakura_core\cmd\ViewCommander_Edit.cpp">
      <Filter>Cpp Source Files\cmd</Filter>
    </ClCompile>
    <ClCompile Include="..\sakura_core\cmd\ViewCommander_Edit_advanced.cpp">
      <Filter>Cpp Source Files\cmd</Filter>
    </ClCompile>
    <ClCompile Include="..\sakura_core\cmd\ViewCommander_Edit_word_line.cpp">
      <Filter>Cpp Source Files\cmd</Filter>
    </ClCompile>
    <ClCompile Include="..\sakura_core\cmd\ViewCommander_File.cpp">
      <Filter>Cpp Source Files\cmd</Filter>
    </ClCompile>
    <ClCompile Include="..\sakura_core\cmd\ViewCommander_Grep.cpp">
      <Filter>Cpp Source Files\cmd</Filter>
    </ClCompile>
    <ClCompile Include="..\sakura_core\cmd\ViewCommander_Insert.cpp">
      <Filter>Cpp Source Files\cmd</Filter>
    </ClCompile>
    <ClCompile Include="..\sakura_core\cmd\ViewCommander_Macro.cpp">
      <Filter>Cpp Source Files\cmd</Filter>
    </ClCompile>
    <ClCompile Include="..\sakura_core\cmd\ViewCommander_ModeChange.cpp">
      <Filter>Cpp Source Files\cmd</Filter>
    </ClCompile>
    <ClCompile Include="..\sakura_core\cmd\ViewCommander_Outline.cpp">
      <Filter>Cpp Source Files\cmd</Filter>
    </ClCompile>
    <ClCompile Include="..\sakura_core\cmd\ViewCommander_Search.cpp">
      <Filter>Cpp Source Files\cmd</Filter>
    </ClCompile>
    <ClCompile Include="..\sakura_core\cmd\ViewCommander_Select.cpp">
      <Filter>Cpp Source Files\cmd</Filter>
    </ClCompile>
    <ClCompile Include="..\sakura_core\cmd\ViewCommander_Settings.cpp">
      <Filter>Cpp Source Files\cmd</Filter>
    </ClCompile>
    <ClCompile Include="..\sakura_core\cmd\ViewCommander_Support.cpp">
      <Filter>Cpp Source Files\cmd</Filter>
    </ClCompile>
    <ClCompile Include="..\sakura_core\cmd\ViewCommander_TagJump.cpp">
      <Filter>Cpp Source Files\cmd</Filter>
    </ClCompile>
    <ClCompile Include="..\sakura_core\cmd\ViewCommander_Window.cpp">
      <Filter>Cpp Source Files\cmd</Filter>
    </ClCompile>
    <ClCompile Include="..\sakura_core\extmodule\Bregexp.cpp">
      <Filter>Cpp Source Files\extmodule</Filter>
    </ClCompile>
    <ClCompile Include="..\sakura_core\extmodule\BregexpDll2.cpp">
      <Filter>Cpp Source Files\extmodule</Filter>
    </ClCompile>
    <ClCompile Include="..\sakura_core\extmodule\DllHandler.cpp">
      <Filter>Cpp Source Files\extmodule</Filter>
    </ClCompile>
    <ClCompile Include="..\sakura_core\extmodule\HtmlHelp.cpp">
      <Filter>Cpp Source Files\extmodule</Filter>
    </ClCompile>
    <ClCompile Include="..\sakura_core\extmodule\Migemo.cpp">
      <Filter>Cpp Source Files\extmodule</Filter>
    </ClCompile>
    <ClCompile Include="..\sakura_core\extmodule\UxTheme.cpp">
      <Filter>Cpp Source Files\extmodule</Filter>
    </ClCompile>
    <ClCompile Include="..\sakura_core\print\Print.cpp">
      <Filter>Cpp Source Files\print</Filter>
    </ClCompile>
    <ClCompile Include="..\sakura_core\print\PrintPreview.cpp">
      <Filter>Cpp Source Files\print</Filter>
    </ClCompile>
    <ClCompile Include="..\sakura_core\uiparts\Graphics.cpp">
      <Filter>Cpp Source Files\uiparts</Filter>
    </ClCompile>
    <ClCompile Include="..\sakura_core\uiparts\ImageListMgr.cpp">
      <Filter>Cpp Source Files\uiparts</Filter>
    </ClCompile>
    <ClCompile Include="..\sakura_core\uiparts\MenuDrawer.cpp">
      <Filter>Cpp Source Files\uiparts</Filter>
    </ClCompile>
    <ClCompile Include="..\sakura_core\uiparts\SoundSet.cpp">
      <Filter>Cpp Source Files\uiparts</Filter>
    </ClCompile>
    <ClCompile Include="..\sakura_core\uiparts\VisualProgress.cpp">
      <Filter>Cpp Source Files\uiparts</Filter>
    </ClCompile>
    <ClCompile Include="..\sakura_core\uiparts\WaitCursor.cpp">
      <Filter>Cpp Source Files\uiparts</Filter>
    </ClCompile>
    <ClCompile Include="..\sakura_core\plugin\PluginIfObj.cpp">
      <Filter>Cpp Source Files\plugin</Filter>
    </ClCompile>
    <ClCompile Include="..\sakura_core\macro\PluginMacroManager.cpp">
      <Filter>Cpp Source Files\plugin</Filter>
    </ClCompile>
    <ClCompile Include="..\sakura_core\charset\CodePage.cpp">
      <Filter>Cpp Source Files\charset</Filter>
    </ClCompile>
    <ClCompile Include="..\sakura_core\dlg\DlgProfileMgr.cpp">
      <Filter>Cpp Source Files\dlg</Filter>
    </ClCompile>
    <ClCompile Include="..\sakura_core\outline\DlgFileTree.cpp">
      <Filter>Cpp Source Files\outline</Filter>
    </ClCompile>
    <ClCompile Include="..\sakura_core\dlg\DlgGrepReplace.cpp">
      <Filter>Cpp Source Files\dlg</Filter>
    </ClCompile>
    <ClCompile Include="..\sakura_core\docplus\FuncListManager.cpp">
      <Filter>Cpp Source Files\docplus</Filter>
    </ClCompile>
    <ClCompile Include="..\sakura_core\GrepEnumKeys.cpp">
      <Filter>Cpp Source Files</Filter>
    </ClCompile>
  </ItemGroup>
  <ItemGroup>
    <Image Include="..\resource\auto_scroll_center.bmp">
      <Filter>Resource Files</Filter>
    </Image>
    <Image Include="..\resource\auto_scroll_horizontal.bmp">
      <Filter>Resource Files</Filter>
    </Image>
    <Image Include="..\resource\auto_scroll_vertical.bmp">
      <Filter>Resource Files</Filter>
    </Image>
    <Image Include="..\resource\icon_debug.ico">
      <Filter>Resource Files</Filter>
    </Image>
    <Image Include="..\resource\icon_grep.ico">
      <Filter>Resource Files</Filter>
    </Image>
    <Image Include="..\resource\icon_std.ico">
      <Filter>Resource Files</Filter>
    </Image>
    <Image Include="..\resource\mytool.bmp">
      <Filter>Resource Files</Filter>
    </Image>
    <Image Include="..\resource\printer.ico">
      <Filter>Resource Files</Filter>
    </Image>
  </ItemGroup>
  <ItemGroup>
    <Text Include="..\sakura_core\util\ReadMe_util.txt">
      <Filter>Cpp Source Files\util</Filter>
    </Text>
  </ItemGroup>
</Project>